// !$*UTF8*$!
{
	archiveVersion = 1;
	classes = {
	};
	objectVersion = 50;
	objects = {

/* Begin PBXBuildFile section */
		1F13D59626192B3B00A7AD97 /* HomeViewModel.swift in Sources */ = {isa = PBXBuildFile; fileRef = 1F13D59526192B3B00A7AD97 /* HomeViewModel.swift */; };
		1F2A1EDD260400F400933CDB /* AppDelegate.swift in Sources */ = {isa = PBXBuildFile; fileRef = 1F2A1EDC260400F400933CDB /* AppDelegate.swift */; };
		1F2A1EDF260400F400933CDB /* SceneDelegate.swift in Sources */ = {isa = PBXBuildFile; fileRef = 1F2A1EDE260400F400933CDB /* SceneDelegate.swift */; };
		1F2A1EE1260400F400933CDB /* WelcomeViewController.swift in Sources */ = {isa = PBXBuildFile; fileRef = 1F2A1EE0260400F400933CDB /* WelcomeViewController.swift */; };
		1F2A1EE4260400F400933CDB /* Main.storyboard in Resources */ = {isa = PBXBuildFile; fileRef = 1F2A1EE2260400F400933CDB /* Main.storyboard */; };
		1F2A1EE6260400F500933CDB /* Assets.xcassets in Resources */ = {isa = PBXBuildFile; fileRef = 1F2A1EE5260400F500933CDB /* Assets.xcassets */; };
		1F2A1EF4260400F500933CDB /* PracticaIOS_BooksTests.swift in Sources */ = {isa = PBXBuildFile; fileRef = 1F2A1EF3260400F500933CDB /* PracticaIOS_BooksTests.swift */; };
		1F2A1EFF260400F500933CDB /* PracticaIOS_BooksUITests.swift in Sources */ = {isa = PBXBuildFile; fileRef = 1F2A1EFE260400F500933CDB /* PracticaIOS_BooksUITests.swift */; };
		1F57D3662618752C00FC26D0 /* BookManager.swift in Sources */ = {isa = PBXBuildFile; fileRef = 1F57D3652618752C00FC26D0 /* BookManager.swift */; };
		1F6B44D426188BB3004D1446 /* HomeViewController.swift in Sources */ = {isa = PBXBuildFile; fileRef = 1F6B44D226188BB3004D1446 /* HomeViewController.swift */; };
		1F6B44DD2618B468004D1446 /* HomeCell.swift in Sources */ = {isa = PBXBuildFile; fileRef = 1F6B44DC2618B468004D1446 /* HomeCell.swift */; };
		1F6B44E22618B58B004D1446 /* BookNYT.swift in Sources */ = {isa = PBXBuildFile; fileRef = 1F6B44E12618B58B004D1446 /* BookNYT.swift */; };
		1F6B44E72618B5A9004D1446 /* BookGoogle.swift in Sources */ = {isa = PBXBuildFile; fileRef = 1F6B44E62618B5A9004D1446 /* BookGoogle.swift */; };
		1F6B44EC2618B6D7004D1446 /* APIManager.swift in Sources */ = {isa = PBXBuildFile; fileRef = 1F6B44EB2618B6D7004D1446 /* APIManager.swift */; };
		1F6B44F12618BE19004D1446 /* StringUtils.swift in Sources */ = {isa = PBXBuildFile; fileRef = 1F6B44F02618BE19004D1446 /* StringUtils.swift */; };
		1F6B44FC2619257C004D1446 /* BookViewModel.swift in Sources */ = {isa = PBXBuildFile; fileRef = 1F6B44FB2619257C004D1446 /* BookViewModel.swift */; };
		1F91F150261A3D2300B063B3 /* HomeCell.xib in Resources */ = {isa = PBXBuildFile; fileRef = 1F91F14F261A3D2300B063B3 /* HomeCell.xib */; };
		1F9A9A6C260F556D0002CD72 /* UserViewModel.swift in Sources */ = {isa = PBXBuildFile; fileRef = 1F9A9A6B260F556D0002CD72 /* UserViewModel.swift */; };
		1F9A9A71260F64A50002CD72 /* LoginViewModel.swift in Sources */ = {isa = PBXBuildFile; fileRef = 1F9A9A70260F64A50002CD72 /* LoginViewModel.swift */; };
		1F9A9A76260F65C20002CD72 /* RegisterViewModel.swift in Sources */ = {isa = PBXBuildFile; fileRef = 1F9A9A75260F65C20002CD72 /* RegisterViewModel.swift */; };
		1F9BE76C2606AFE600C822AC /* LoginViewController.swift in Sources */ = {isa = PBXBuildFile; fileRef = 1F9BE76B2606AFE600C822AC /* LoginViewController.swift */; };
		1F9BE7712606B00D00C822AC /* RegisterViewController.swift in Sources */ = {isa = PBXBuildFile; fileRef = 1F9BE7702606B00D00C822AC /* RegisterViewController.swift */; };
		1F9F8AD226076AC4007ACEDB /* MyLibrary.xcdatamodeld in Sources */ = {isa = PBXBuildFile; fileRef = 1F9F8AD026076AC4007ACEDB /* MyLibrary.xcdatamodeld */; };
		1F9F8ADF26080C67007ACEDB /* UserManager.swift in Sources */ = {isa = PBXBuildFile; fileRef = 1F9F8ADE26080C67007ACEDB /* UserManager.swift */; };
		1FB091A12610845B002E9221 /* ModalViewController.swift in Sources */ = {isa = PBXBuildFile; fileRef = 1FB091A02610845B002E9221 /* ModalViewController.swift */; };
/* End PBXBuildFile section */

/* Begin PBXContainerItemProxy section */
		1F2A1EF0260400F500933CDB /* PBXContainerItemProxy */ = {
			isa = PBXContainerItemProxy;
			containerPortal = 1F2A1ED1260400F400933CDB /* Project object */;
			proxyType = 1;
			remoteGlobalIDString = 1F2A1ED8260400F400933CDB;
			remoteInfo = PracticaIOS_Books;
		};
		1F2A1EFB260400F500933CDB /* PBXContainerItemProxy */ = {
			isa = PBXContainerItemProxy;
			containerPortal = 1F2A1ED1260400F400933CDB /* Project object */;
			proxyType = 1;
			remoteGlobalIDString = 1F2A1ED8260400F400933CDB;
			remoteInfo = PracticaIOS_Books;
		};
/* End PBXContainerItemProxy section */

/* Begin PBXFileReference section */
		1F13D59526192B3B00A7AD97 /* HomeViewModel.swift */ = {isa = PBXFileReference; lastKnownFileType = sourcecode.swift; path = HomeViewModel.swift; sourceTree = "<group>"; };
		1F2A1ED9260400F400933CDB /* PracticaIOS_Books.app */ = {isa = PBXFileReference; explicitFileType = wrapper.application; includeInIndex = 0; path = PracticaIOS_Books.app; sourceTree = BUILT_PRODUCTS_DIR; };
		1F2A1EDC260400F400933CDB /* AppDelegate.swift */ = {isa = PBXFileReference; lastKnownFileType = sourcecode.swift; path = AppDelegate.swift; sourceTree = "<group>"; };
		1F2A1EDE260400F400933CDB /* SceneDelegate.swift */ = {isa = PBXFileReference; lastKnownFileType = sourcecode.swift; path = SceneDelegate.swift; sourceTree = "<group>"; };
		1F2A1EE0260400F400933CDB /* WelcomeViewController.swift */ = {isa = PBXFileReference; lastKnownFileType = sourcecode.swift; path = WelcomeViewController.swift; sourceTree = "<group>"; };
		1F2A1EE3260400F400933CDB /* Base */ = {isa = PBXFileReference; lastKnownFileType = file.storyboard; name = Base; path = Base.lproj/Main.storyboard; sourceTree = "<group>"; };
		1F2A1EE5260400F500933CDB /* Assets.xcassets */ = {isa = PBXFileReference; lastKnownFileType = folder.assetcatalog; path = Assets.xcassets; sourceTree = "<group>"; };
		1F2A1EEA260400F500933CDB /* Info.plist */ = {isa = PBXFileReference; lastKnownFileType = text.plist.xml; path = Info.plist; sourceTree = "<group>"; };
		1F2A1EEF260400F500933CDB /* PracticaIOS_BooksTests.xctest */ = {isa = PBXFileReference; explicitFileType = wrapper.cfbundle; includeInIndex = 0; path = PracticaIOS_BooksTests.xctest; sourceTree = BUILT_PRODUCTS_DIR; };
		1F2A1EF3260400F500933CDB /* PracticaIOS_BooksTests.swift */ = {isa = PBXFileReference; lastKnownFileType = sourcecode.swift; path = PracticaIOS_BooksTests.swift; sourceTree = "<group>"; };
		1F2A1EF5260400F500933CDB /* Info.plist */ = {isa = PBXFileReference; lastKnownFileType = text.plist.xml; path = Info.plist; sourceTree = "<group>"; };
		1F2A1EFA260400F500933CDB /* PracticaIOS_BooksUITests.xctest */ = {isa = PBXFileReference; explicitFileType = wrapper.cfbundle; includeInIndex = 0; path = PracticaIOS_BooksUITests.xctest; sourceTree = BUILT_PRODUCTS_DIR; };
		1F2A1EFE260400F500933CDB /* PracticaIOS_BooksUITests.swift */ = {isa = PBXFileReference; lastKnownFileType = sourcecode.swift; path = PracticaIOS_BooksUITests.swift; sourceTree = "<group>"; };
		1F2A1F00260400F500933CDB /* Info.plist */ = {isa = PBXFileReference; lastKnownFileType = text.plist.xml; path = Info.plist; sourceTree = "<group>"; };
		1F57D3652618752C00FC26D0 /* BookManager.swift */ = {isa = PBXFileReference; lastKnownFileType = sourcecode.swift; path = BookManager.swift; sourceTree = "<group>"; };
		1F6B44D226188BB3004D1446 /* HomeViewController.swift */ = {isa = PBXFileReference; lastKnownFileType = sourcecode.swift; path = HomeViewController.swift; sourceTree = "<group>"; };
		1F6B44DC2618B468004D1446 /* HomeCell.swift */ = {isa = PBXFileReference; lastKnownFileType = sourcecode.swift; path = HomeCell.swift; sourceTree = "<group>"; };
		1F6B44E12618B58B004D1446 /* BookNYT.swift */ = {isa = PBXFileReference; lastKnownFileType = sourcecode.swift; path = BookNYT.swift; sourceTree = "<group>"; };
		1F6B44E62618B5A9004D1446 /* BookGoogle.swift */ = {isa = PBXFileReference; lastKnownFileType = sourcecode.swift; path = BookGoogle.swift; sourceTree = "<group>"; };
		1F6B44EB2618B6D7004D1446 /* APIManager.swift */ = {isa = PBXFileReference; lastKnownFileType = sourcecode.swift; path = APIManager.swift; sourceTree = "<group>"; };
		1F6B44F02618BE19004D1446 /* StringUtils.swift */ = {isa = PBXFileReference; lastKnownFileType = sourcecode.swift; path = StringUtils.swift; sourceTree = "<group>"; };
		1F6B44FB2619257C004D1446 /* BookViewModel.swift */ = {isa = PBXFileReference; lastKnownFileType = sourcecode.swift; path = BookViewModel.swift; sourceTree = "<group>"; };
		1F91F14F261A3D2300B063B3 /* HomeCell.xib */ = {isa = PBXFileReference; lastKnownFileType = file.xib; path = HomeCell.xib; sourceTree = "<group>"; };
		1F9A9A6B260F556D0002CD72 /* UserViewModel.swift */ = {isa = PBXFileReference; lastKnownFileType = sourcecode.swift; name = UserViewModel.swift; path = PracticaIOS_Books/UI/GenericViewModels/UserViewModel.swift; sourceTree = SOURCE_ROOT; };
		1F9A9A70260F64A50002CD72 /* LoginViewModel.swift */ = {isa = PBXFileReference; lastKnownFileType = sourcecode.swift; path = LoginViewModel.swift; sourceTree = "<group>"; };
		1F9A9A75260F65C20002CD72 /* RegisterViewModel.swift */ = {isa = PBXFileReference; lastKnownFileType = sourcecode.swift; path = RegisterViewModel.swift; sourceTree = "<group>"; };
		1F9BE76B2606AFE600C822AC /* LoginViewController.swift */ = {isa = PBXFileReference; lastKnownFileType = sourcecode.swift; path = LoginViewController.swift; sourceTree = "<group>"; };
		1F9BE7702606B00D00C822AC /* RegisterViewController.swift */ = {isa = PBXFileReference; lastKnownFileType = sourcecode.swift; path = RegisterViewController.swift; sourceTree = "<group>"; };
		1F9F8AD126076AC4007ACEDB /* MyLibrary.xcdatamodel */ = {isa = PBXFileReference; lastKnownFileType = wrapper.xcdatamodel; path = MyLibrary.xcdatamodel; sourceTree = "<group>"; };
		1F9F8ADE26080C67007ACEDB /* UserManager.swift */ = {isa = PBXFileReference; lastKnownFileType = sourcecode.swift; path = UserManager.swift; sourceTree = "<group>"; };
		1FB091A02610845B002E9221 /* ModalViewController.swift */ = {isa = PBXFileReference; lastKnownFileType = sourcecode.swift; path = ModalViewController.swift; sourceTree = "<group>"; };
		1FE692C82613D4B300CE8DF1 /* MyLibrary 2.xcdatamodel */ = {isa = PBXFileReference; lastKnownFileType = wrapper.xcdatamodel; path = "MyLibrary 2.xcdatamodel"; sourceTree = "<group>"; };
/* End PBXFileReference section */

/* Begin PBXFrameworksBuildPhase section */
		1F2A1ED6260400F400933CDB /* Frameworks */ = {
			isa = PBXFrameworksBuildPhase;
			buildActionMask = 2147483647;
			files = (
			);
			runOnlyForDeploymentPostprocessing = 0;
		};
		1F2A1EEC260400F500933CDB /* Frameworks */ = {
			isa = PBXFrameworksBuildPhase;
			buildActionMask = 2147483647;
			files = (
			);
			runOnlyForDeploymentPostprocessing = 0;
		};
		1F2A1EF7260400F500933CDB /* Frameworks */ = {
			isa = PBXFrameworksBuildPhase;
			buildActionMask = 2147483647;
			files = (
			);
			runOnlyForDeploymentPostprocessing = 0;
		};
/* End PBXFrameworksBuildPhase section */

/* Begin PBXGroup section */
		1F2A1ED0260400F400933CDB = {
			isa = PBXGroup;
			children = (
				1F2A1EDB260400F400933CDB /* PracticaIOS_Books */,
				1F2A1EF2260400F500933CDB /* PracticaIOS_BooksTests */,
				1F2A1EFD260400F500933CDB /* PracticaIOS_BooksUITests */,
				1F2A1EDA260400F400933CDB /* Products */,
			);
			sourceTree = "<group>";
		};
		1F2A1EDA260400F400933CDB /* Products */ = {
			isa = PBXGroup;
			children = (
				1F2A1ED9260400F400933CDB /* PracticaIOS_Books.app */,
				1F2A1EEF260400F500933CDB /* PracticaIOS_BooksTests.xctest */,
				1F2A1EFA260400F500933CDB /* PracticaIOS_BooksUITests.xctest */,
			);
			name = Products;
			sourceTree = "<group>";
		};
		1F2A1EDB260400F400933CDB /* PracticaIOS_Books */ = {
			isa = PBXGroup;
			children = (
				1F91F1352619B72200B063B3 /* Utils */,
				1F91F1272619B60200B063B3 /* Model */,
				1F91F1262619B5F700B063B3 /* UI */,
				1F2A1EDC260400F400933CDB /* AppDelegate.swift */,
				1F2A1EDE260400F400933CDB /* SceneDelegate.swift */,
				1F2A1EE2260400F400933CDB /* Main.storyboard */,
				1F91F14F261A3D2300B063B3 /* HomeCell.xib */,
				1F2A1EE5260400F500933CDB /* Assets.xcassets */,
				1F2A1EEA260400F500933CDB /* Info.plist */,
			);
			path = PracticaIOS_Books;
			sourceTree = "<group>";
		};
		1F2A1EF2260400F500933CDB /* PracticaIOS_BooksTests */ = {
			isa = PBXGroup;
			children = (
				1F2A1EF3260400F500933CDB /* PracticaIOS_BooksTests.swift */,
				1F2A1EF5260400F500933CDB /* Info.plist */,
			);
			path = PracticaIOS_BooksTests;
			sourceTree = "<group>";
		};
		1F2A1EFD260400F500933CDB /* PracticaIOS_BooksUITests */ = {
			isa = PBXGroup;
			children = (
				1F2A1EFE260400F500933CDB /* PracticaIOS_BooksUITests.swift */,
				1F2A1F00260400F500933CDB /* Info.plist */,
			);
			path = PracticaIOS_BooksUITests;
			sourceTree = "<group>";
		};
		1F91F1262619B5F700B063B3 /* UI */ = {
			isa = PBXGroup;
			children = (
				1F91F1342619B70900B063B3 /* Modal */,
				1F91F12E2619B6B800B063B3 /* GenericViewModels */,
				1F91F12D2619B67200B063B3 /* Home */,
				1F91F12C2619B66400B063B3 /* Register */,
				1F91F12B2619B65900B063B3 /* Login */,
				1F91F12A2619B64F00B063B3 /* Welcome */,
			);
			path = UI;
			sourceTree = "<group>";
		};
		1F91F1272619B60200B063B3 /* Model */ = {
			isa = PBXGroup;
			children = (
				1F9F8AD026076AC4007ACEDB /* MyLibrary.xcdatamodeld */,
				1F91F1292619B63C00B063B3 /* Book */,
				1F91F1282619B63200B063B3 /* User */,
			);
			path = Model;
			sourceTree = "<group>";
		};
		1F91F1282619B63200B063B3 /* User */ = {
			isa = PBXGroup;
			children = (
				1F9F8ADE26080C67007ACEDB /* UserManager.swift */,
			);
			path = User;
			sourceTree = "<group>";
		};
		1F91F1292619B63C00B063B3 /* Book */ = {
			isa = PBXGroup;
			children = (
				1F57D3652618752C00FC26D0 /* BookManager.swift */,
				1F6B44E12618B58B004D1446 /* BookNYT.swift */,
				1F6B44EB2618B6D7004D1446 /* APIManager.swift */,
				1F6B44E62618B5A9004D1446 /* BookGoogle.swift */,
			);
			path = Book;
			sourceTree = "<group>";
		};
		1F91F12A2619B64F00B063B3 /* Welcome */ = {
			isa = PBXGroup;
			children = (
				1F2A1EE0260400F400933CDB /* WelcomeViewController.swift */,
			);
			path = Welcome;
			sourceTree = "<group>";
		};
		1F91F12B2619B65900B063B3 /* Login */ = {
			isa = PBXGroup;
			children = (
				1F9BE76B2606AFE600C822AC /* LoginViewController.swift */,
				1F9A9A70260F64A50002CD72 /* LoginViewModel.swift */,
			);
			path = Login;
			sourceTree = "<group>";
		};
		1F91F12C2619B66400B063B3 /* Register */ = {
			isa = PBXGroup;
			children = (
				1F9BE7702606B00D00C822AC /* RegisterViewController.swift */,
				1F9A9A75260F65C20002CD72 /* RegisterViewModel.swift */,
			);
			path = Register;
			sourceTree = "<group>";
		};
		1F91F12D2619B67200B063B3 /* Home */ = {
			isa = PBXGroup;
			children = (
				1F6B44D226188BB3004D1446 /* HomeViewController.swift */,
				1F13D59526192B3B00A7AD97 /* HomeViewModel.swift */,
				1F6B44DC2618B468004D1446 /* HomeCell.swift */,
			);
			path = Home;
			sourceTree = "<group>";
		};
		1F91F12E2619B6B800B063B3 /* GenericViewModels */ = {
			isa = PBXGroup;
			children = (
				1F9A9A6B260F556D0002CD72 /* UserViewModel.swift */,
				1F6B44FB2619257C004D1446 /* BookViewModel.swift */,
			);
			path = GenericViewModels;
			sourceTree = "<group>";
		};
		1F91F1342619B70900B063B3 /* Modal */ = {
			isa = PBXGroup;
			children = (
				1FB091A02610845B002E9221 /* ModalViewController.swift */,
			);
			path = Modal;
			sourceTree = "<group>";
		};
		1F91F1352619B72200B063B3 /* Utils */ = {
			isa = PBXGroup;
			children = (
				1F6B44F02618BE19004D1446 /* StringUtils.swift */,
			);
			path = Utils;
			sourceTree = "<group>";
		};
/* End PBXGroup section */

/* Begin PBXNativeTarget section */
		1F2A1ED8260400F400933CDB /* PracticaIOS_Books */ = {
			isa = PBXNativeTarget;
			buildConfigurationList = 1F2A1F03260400F500933CDB /* Build configuration list for PBXNativeTarget "PracticaIOS_Books" */;
			buildPhases = (
				1F2A1ED5260400F400933CDB /* Sources */,
				1F2A1ED6260400F400933CDB /* Frameworks */,
				1F2A1ED7260400F400933CDB /* Resources */,
			);
			buildRules = (
			);
			dependencies = (
			);
			name = PracticaIOS_Books;
			productName = PracticaIOS_Books;
			productReference = 1F2A1ED9260400F400933CDB /* PracticaIOS_Books.app */;
			productType = "com.apple.product-type.application";
		};
		1F2A1EEE260400F500933CDB /* PracticaIOS_BooksTests */ = {
			isa = PBXNativeTarget;
			buildConfigurationList = 1F2A1F06260400F500933CDB /* Build configuration list for PBXNativeTarget "PracticaIOS_BooksTests" */;
			buildPhases = (
				1F2A1EEB260400F500933CDB /* Sources */,
				1F2A1EEC260400F500933CDB /* Frameworks */,
				1F2A1EED260400F500933CDB /* Resources */,
			);
			buildRules = (
			);
			dependencies = (
				1F2A1EF1260400F500933CDB /* PBXTargetDependency */,
			);
			name = PracticaIOS_BooksTests;
			productName = PracticaIOS_BooksTests;
			productReference = 1F2A1EEF260400F500933CDB /* PracticaIOS_BooksTests.xctest */;
			productType = "com.apple.product-type.bundle.unit-test";
		};
		1F2A1EF9260400F500933CDB /* PracticaIOS_BooksUITests */ = {
			isa = PBXNativeTarget;
			buildConfigurationList = 1F2A1F09260400F500933CDB /* Build configuration list for PBXNativeTarget "PracticaIOS_BooksUITests" */;
			buildPhases = (
				1F2A1EF6260400F500933CDB /* Sources */,
				1F2A1EF7260400F500933CDB /* Frameworks */,
				1F2A1EF8260400F500933CDB /* Resources */,
			);
			buildRules = (
			);
			dependencies = (
				1F2A1EFC260400F500933CDB /* PBXTargetDependency */,
			);
			name = PracticaIOS_BooksUITests;
			productName = PracticaIOS_BooksUITests;
			productReference = 1F2A1EFA260400F500933CDB /* PracticaIOS_BooksUITests.xctest */;
			productType = "com.apple.product-type.bundle.ui-testing";
		};
/* End PBXNativeTarget section */

/* Begin PBXProject section */
		1F2A1ED1260400F400933CDB /* Project object */ = {
			isa = PBXProject;
			attributes = {
				LastSwiftUpdateCheck = 1210;
				LastUpgradeCheck = 1210;
				TargetAttributes = {
					1F2A1ED8260400F400933CDB = {
						CreatedOnToolsVersion = 12.1;
					};
					1F2A1EEE260400F500933CDB = {
						CreatedOnToolsVersion = 12.1;
						TestTargetID = 1F2A1ED8260400F400933CDB;
					};
					1F2A1EF9260400F500933CDB = {
						CreatedOnToolsVersion = 12.1;
						TestTargetID = 1F2A1ED8260400F400933CDB;
					};
				};
			};
			buildConfigurationList = 1F2A1ED4260400F400933CDB /* Build configuration list for PBXProject "PracticaIOS_Books" */;
			compatibilityVersion = "Xcode 9.3";
			developmentRegion = en;
			hasScannedForEncodings = 0;
			knownRegions = (
				en,
				Base,
			);
			mainGroup = 1F2A1ED0260400F400933CDB;
			productRefGroup = 1F2A1EDA260400F400933CDB /* Products */;
			projectDirPath = "";
			projectRoot = "";
			targets = (
				1F2A1ED8260400F400933CDB /* PracticaIOS_Books */,
				1F2A1EEE260400F500933CDB /* PracticaIOS_BooksTests */,
				1F2A1EF9260400F500933CDB /* PracticaIOS_BooksUITests */,
			);
		};
/* End PBXProject section */

/* Begin PBXResourcesBuildPhase section */
		1F2A1ED7260400F400933CDB /* Resources */ = {
			isa = PBXResourcesBuildPhase;
			buildActionMask = 2147483647;
			files = (
				1F2A1EE6260400F500933CDB /* Assets.xcassets in Resources */,
				1F91F150261A3D2300B063B3 /* HomeCell.xib in Resources */,
				1F2A1EE4260400F400933CDB /* Main.storyboard in Resources */,
			);
			runOnlyForDeploymentPostprocessing = 0;
		};
		1F2A1EED260400F500933CDB /* Resources */ = {
			isa = PBXResourcesBuildPhase;
			buildActionMask = 2147483647;
			files = (
			);
			runOnlyForDeploymentPostprocessing = 0;
		};
		1F2A1EF8260400F500933CDB /* Resources */ = {
			isa = PBXResourcesBuildPhase;
			buildActionMask = 2147483647;
			files = (
			);
			runOnlyForDeploymentPostprocessing = 0;
		};
/* End PBXResourcesBuildPhase section */

/* Begin PBXSourcesBuildPhase section */
		1F2A1ED5260400F400933CDB /* Sources */ = {
			isa = PBXSourcesBuildPhase;
			buildActionMask = 2147483647;
			files = (
				1F6B44F12618BE19004D1446 /* StringUtils.swift in Sources */,
				1F9F8ADF26080C67007ACEDB /* UserManager.swift in Sources */,
				1F9BE76C2606AFE600C822AC /* LoginViewController.swift in Sources */,
				1F13D59626192B3B00A7AD97 /* HomeViewModel.swift in Sources */,
				1F9A9A71260F64A50002CD72 /* LoginViewModel.swift in Sources */,
				1F6B44E72618B5A9004D1446 /* BookGoogle.swift in Sources */,
				1F9F8AD226076AC4007ACEDB /* MyLibrary.xcdatamodeld in Sources */,
				1F57D3662618752C00FC26D0 /* BookManager.swift in Sources */,
				1F9A9A6C260F556D0002CD72 /* UserViewModel.swift in Sources */,
				1F6B44E22618B58B004D1446 /* BookNYT.swift in Sources */,
				1F9BE7712606B00D00C822AC /* RegisterViewController.swift in Sources */,
				1F9A9A76260F65C20002CD72 /* RegisterViewModel.swift in Sources */,
				1F6B44DD2618B468004D1446 /* HomeCell.swift in Sources */,
				1F2A1EE1260400F400933CDB /* WelcomeViewController.swift in Sources */,
				1F6B44EC2618B6D7004D1446 /* APIManager.swift in Sources */,
				1F6B44FC2619257C004D1446 /* BookViewModel.swift in Sources */,
				1FB091A12610845B002E9221 /* ModalViewController.swift in Sources */,
				1F2A1EDD260400F400933CDB /* AppDelegate.swift in Sources */,
				1F6B44D426188BB3004D1446 /* HomeViewController.swift in Sources */,
				1F2A1EDF260400F400933CDB /* SceneDelegate.swift in Sources */,
			);
			runOnlyForDeploymentPostprocessing = 0;
		};
		1F2A1EEB260400F500933CDB /* Sources */ = {
			isa = PBXSourcesBuildPhase;
			buildActionMask = 2147483647;
			files = (
				1F2A1EF4260400F500933CDB /* PracticaIOS_BooksTests.swift in Sources */,
			);
			runOnlyForDeploymentPostprocessing = 0;
		};
		1F2A1EF6260400F500933CDB /* Sources */ = {
			isa = PBXSourcesBuildPhase;
			buildActionMask = 2147483647;
			files = (
				1F2A1EFF260400F500933CDB /* PracticaIOS_BooksUITests.swift in Sources */,
			);
			runOnlyForDeploymentPostprocessing = 0;
		};
/* End PBXSourcesBuildPhase section */

/* Begin PBXTargetDependency section */
		1F2A1EF1260400F500933CDB /* PBXTargetDependency */ = {
			isa = PBXTargetDependency;
			target = 1F2A1ED8260400F400933CDB /* PracticaIOS_Books */;
			targetProxy = 1F2A1EF0260400F500933CDB /* PBXContainerItemProxy */;
		};
		1F2A1EFC260400F500933CDB /* PBXTargetDependency */ = {
			isa = PBXTargetDependency;
			target = 1F2A1ED8260400F400933CDB /* PracticaIOS_Books */;
			targetProxy = 1F2A1EFB260400F500933CDB /* PBXContainerItemProxy */;
		};
/* End PBXTargetDependency section */

/* Begin PBXVariantGroup section */
		1F2A1EE2260400F400933CDB /* Main.storyboard */ = {
			isa = PBXVariantGroup;
			children = (
				1F2A1EE3260400F400933CDB /* Base */,
			);
			name = Main.storyboard;
			sourceTree = "<group>";
		};
/* End PBXVariantGroup section */

/* Begin XCBuildConfiguration section */
		1F2A1F01260400F500933CDB /* Debug */ = {
			isa = XCBuildConfiguration;
			buildSettings = {
				ALWAYS_SEARCH_USER_PATHS = NO;
				CLANG_ANALYZER_NONNULL = YES;
				CLANG_ANALYZER_NUMBER_OBJECT_CONVERSION = YES_AGGRESSIVE;
				CLANG_CXX_LANGUAGE_STANDARD = "gnu++14";
				CLANG_CXX_LIBRARY = "libc++";
				CLANG_ENABLE_MODULES = YES;
				CLANG_ENABLE_OBJC_ARC = YES;
				CLANG_ENABLE_OBJC_WEAK = YES;
				CLANG_WARN_BLOCK_CAPTURE_AUTORELEASING = YES;
				CLANG_WARN_BOOL_CONVERSION = YES;
				CLANG_WARN_COMMA = YES;
				CLANG_WARN_CONSTANT_CONVERSION = YES;
				CLANG_WARN_DEPRECATED_OBJC_IMPLEMENTATIONS = YES;
				CLANG_WARN_DIRECT_OBJC_ISA_USAGE = YES_ERROR;
				CLANG_WARN_DOCUMENTATION_COMMENTS = YES;
				CLANG_WARN_EMPTY_BODY = YES;
				CLANG_WARN_ENUM_CONVERSION = YES;
				CLANG_WARN_INFINITE_RECURSION = YES;
				CLANG_WARN_INT_CONVERSION = YES;
				CLANG_WARN_NON_LITERAL_NULL_CONVERSION = YES;
				CLANG_WARN_OBJC_IMPLICIT_RETAIN_SELF = YES;
				CLANG_WARN_OBJC_LITERAL_CONVERSION = YES;
				CLANG_WARN_OBJC_ROOT_CLASS = YES_ERROR;
				CLANG_WARN_QUOTED_INCLUDE_IN_FRAMEWORK_HEADER = YES;
				CLANG_WARN_RANGE_LOOP_ANALYSIS = YES;
				CLANG_WARN_STRICT_PROTOTYPES = YES;
				CLANG_WARN_SUSPICIOUS_MOVE = YES;
				CLANG_WARN_UNGUARDED_AVAILABILITY = YES_AGGRESSIVE;
				CLANG_WARN_UNREACHABLE_CODE = YES;
				CLANG_WARN__DUPLICATE_METHOD_MATCH = YES;
				COPY_PHASE_STRIP = NO;
				DEBUG_INFORMATION_FORMAT = dwarf;
				ENABLE_STRICT_OBJC_MSGSEND = YES;
				ENABLE_TESTABILITY = YES;
				GCC_C_LANGUAGE_STANDARD = gnu11;
				GCC_DYNAMIC_NO_PIC = NO;
				GCC_NO_COMMON_BLOCKS = YES;
				GCC_OPTIMIZATION_LEVEL = 0;
				GCC_PREPROCESSOR_DEFINITIONS = (
					"DEBUG=1",
					"$(inherited)",
				);
				GCC_WARN_64_TO_32_BIT_CONVERSION = YES;
				GCC_WARN_ABOUT_RETURN_TYPE = YES_ERROR;
				GCC_WARN_UNDECLARED_SELECTOR = YES;
				GCC_WARN_UNINITIALIZED_AUTOS = YES_AGGRESSIVE;
				GCC_WARN_UNUSED_FUNCTION = YES;
				GCC_WARN_UNUSED_VARIABLE = YES;
				IPHONEOS_DEPLOYMENT_TARGET = 14.1;
				MTL_ENABLE_DEBUG_INFO = INCLUDE_SOURCE;
				MTL_FAST_MATH = YES;
				ONLY_ACTIVE_ARCH = YES;
				SDKROOT = iphoneos;
				SWIFT_ACTIVE_COMPILATION_CONDITIONS = DEBUG;
				SWIFT_OPTIMIZATION_LEVEL = "-Onone";
			};
			name = Debug;
		};
		1F2A1F02260400F500933CDB /* Release */ = {
			isa = XCBuildConfiguration;
			buildSettings = {
				ALWAYS_SEARCH_USER_PATHS = NO;
				CLANG_ANALYZER_NONNULL = YES;
				CLANG_ANALYZER_NUMBER_OBJECT_CONVERSION = YES_AGGRESSIVE;
				CLANG_CXX_LANGUAGE_STANDARD = "gnu++14";
				CLANG_CXX_LIBRARY = "libc++";
				CLANG_ENABLE_MODULES = YES;
				CLANG_ENABLE_OBJC_ARC = YES;
				CLANG_ENABLE_OBJC_WEAK = YES;
				CLANG_WARN_BLOCK_CAPTURE_AUTORELEASING = YES;
				CLANG_WARN_BOOL_CONVERSION = YES;
				CLANG_WARN_COMMA = YES;
				CLANG_WARN_CONSTANT_CONVERSION = YES;
				CLANG_WARN_DEPRECATED_OBJC_IMPLEMENTATIONS = YES;
				CLANG_WARN_DIRECT_OBJC_ISA_USAGE = YES_ERROR;
				CLANG_WARN_DOCUMENTATION_COMMENTS = YES;
				CLANG_WARN_EMPTY_BODY = YES;
				CLANG_WARN_ENUM_CONVERSION = YES;
				CLANG_WARN_INFINITE_RECURSION = YES;
				CLANG_WARN_INT_CONVERSION = YES;
				CLANG_WARN_NON_LITERAL_NULL_CONVERSION = YES;
				CLANG_WARN_OBJC_IMPLICIT_RETAIN_SELF = YES;
				CLANG_WARN_OBJC_LITERAL_CONVERSION = YES;
				CLANG_WARN_OBJC_ROOT_CLASS = YES_ERROR;
				CLANG_WARN_QUOTED_INCLUDE_IN_FRAMEWORK_HEADER = YES;
				CLANG_WARN_RANGE_LOOP_ANALYSIS = YES;
				CLANG_WARN_STRICT_PROTOTYPES = YES;
				CLANG_WARN_SUSPICIOUS_MOVE = YES;
				CLANG_WARN_UNGUARDED_AVAILABILITY = YES_AGGRESSIVE;
				CLANG_WARN_UNREACHABLE_CODE = YES;
				CLANG_WARN__DUPLICATE_METHOD_MATCH = YES;
				COPY_PHASE_STRIP = NO;
				DEBUG_INFORMATION_FORMAT = "dwarf-with-dsym";
				ENABLE_NS_ASSERTIONS = NO;
				ENABLE_STRICT_OBJC_MSGSEND = YES;
				GCC_C_LANGUAGE_STANDARD = gnu11;
				GCC_NO_COMMON_BLOCKS = YES;
				GCC_WARN_64_TO_32_BIT_CONVERSION = YES;
				GCC_WARN_ABOUT_RETURN_TYPE = YES_ERROR;
				GCC_WARN_UNDECLARED_SELECTOR = YES;
				GCC_WARN_UNINITIALIZED_AUTOS = YES_AGGRESSIVE;
				GCC_WARN_UNUSED_FUNCTION = YES;
				GCC_WARN_UNUSED_VARIABLE = YES;
				IPHONEOS_DEPLOYMENT_TARGET = 14.1;
				MTL_ENABLE_DEBUG_INFO = NO;
				MTL_FAST_MATH = YES;
				SDKROOT = iphoneos;
				SWIFT_COMPILATION_MODE = wholemodule;
				SWIFT_OPTIMIZATION_LEVEL = "-O";
				VALIDATE_PRODUCT = YES;
			};
			name = Release;
		};
		1F2A1F04260400F500933CDB /* Debug */ = {
			isa = XCBuildConfiguration;
			buildSettings = {
				ASSETCATALOG_COMPILER_APPICON_NAME = AppIcon;
				ASSETCATALOG_COMPILER_GLOBAL_ACCENT_COLOR_NAME = AccentColor;
				CODE_SIGN_STYLE = Automatic;
				INFOPLIST_FILE = PracticaIOS_Books/Info.plist;
				LD_RUNPATH_SEARCH_PATHS = (
					"$(inherited)",
					"@executable_path/Frameworks",
				);
				PRODUCT_BUNDLE_IDENTIFIER = "es.upsa.mimo.PracticaIOS-Books";
				PRODUCT_NAME = "$(TARGET_NAME)";
				SWIFT_VERSION = 5.0;
				TARGETED_DEVICE_FAMILY = "1,2";
			};
			name = Debug;
		};
		1F2A1F05260400F500933CDB /* Release */ = {
			isa = XCBuildConfiguration;
			buildSettings = {
				ASSETCATALOG_COMPILER_APPICON_NAME = AppIcon;
				ASSETCATALOG_COMPILER_GLOBAL_ACCENT_COLOR_NAME = AccentColor;
				CODE_SIGN_STYLE = Automatic;
				INFOPLIST_FILE = PracticaIOS_Books/Info.plist;
				LD_RUNPATH_SEARCH_PATHS = (
					"$(inherited)",
					"@executable_path/Frameworks",
				);
				PRODUCT_BUNDLE_IDENTIFIER = "es.upsa.mimo.PracticaIOS-Books";
				PRODUCT_NAME = "$(TARGET_NAME)";
				SWIFT_VERSION = 5.0;
				TARGETED_DEVICE_FAMILY = "1,2";
			};
			name = Release;
		};
		1F2A1F07260400F500933CDB /* Debug */ = {
			isa = XCBuildConfiguration;
			buildSettings = {
				ALWAYS_EMBED_SWIFT_STANDARD_LIBRARIES = YES;
				BUNDLE_LOADER = "$(TEST_HOST)";
				CODE_SIGN_STYLE = Automatic;
				INFOPLIST_FILE = PracticaIOS_BooksTests/Info.plist;
				IPHONEOS_DEPLOYMENT_TARGET = 14.1;
				LD_RUNPATH_SEARCH_PATHS = (
					"$(inherited)",
					"@executable_path/Frameworks",
					"@loader_path/Frameworks",
				);
				PRODUCT_BUNDLE_IDENTIFIER = "es.upsa.mimo.PracticaIOS-BooksTests";
				PRODUCT_NAME = "$(TARGET_NAME)";
				SWIFT_VERSION = 5.0;
				TARGETED_DEVICE_FAMILY = "1,2";
				TEST_HOST = "$(BUILT_PRODUCTS_DIR)/PracticaIOS_Books.app/PracticaIOS_Books";
			};
			name = Debug;
		};
		1F2A1F08260400F500933CDB /* Release */ = {
			isa = XCBuildConfiguration;
			buildSettings = {
				ALWAYS_EMBED_SWIFT_STANDARD_LIBRARIES = YES;
				BUNDLE_LOADER = "$(TEST_HOST)";
				CODE_SIGN_STYLE = Automatic;
				INFOPLIST_FILE = PracticaIOS_BooksTests/Info.plist;
				IPHONEOS_DEPLOYMENT_TARGET = 14.1;
				LD_RUNPATH_SEARCH_PATHS = (
					"$(inherited)",
					"@executable_path/Frameworks",
					"@loader_path/Frameworks",
				);
				PRODUCT_BUNDLE_IDENTIFIER = "es.upsa.mimo.PracticaIOS-BooksTests";
				PRODUCT_NAME = "$(TARGET_NAME)";
				SWIFT_VERSION = 5.0;
				TARGETED_DEVICE_FAMILY = "1,2";
				TEST_HOST = "$(BUILT_PRODUCTS_DIR)/PracticaIOS_Books.app/PracticaIOS_Books";
			};
			name = Release;
		};
		1F2A1F0A260400F500933CDB /* Debug */ = {
			isa = XCBuildConfiguration;
			buildSettings = {
				ALWAYS_EMBED_SWIFT_STANDARD_LIBRARIES = YES;
				CODE_SIGN_STYLE = Automatic;
				INFOPLIST_FILE = PracticaIOS_BooksUITests/Info.plist;
				LD_RUNPATH_SEARCH_PATHS = (
					"$(inherited)",
					"@executable_path/Frameworks",
					"@loader_path/Frameworks",
				);
				PRODUCT_BUNDLE_IDENTIFIER = "es.upsa.mimo.PracticaIOS-BooksUITests";
				PRODUCT_NAME = "$(TARGET_NAME)";
				SWIFT_VERSION = 5.0;
				TARGETED_DEVICE_FAMILY = "1,2";
				TEST_TARGET_NAME = PracticaIOS_Books;
			};
			name = Debug;
		};
		1F2A1F0B260400F500933CDB /* Release */ = {
			isa = XCBuildConfiguration;
			buildSettings = {
				ALWAYS_EMBED_SWIFT_STANDARD_LIBRARIES = YES;
				CODE_SIGN_STYLE = Automatic;
				INFOPLIST_FILE = PracticaIOS_BooksUITests/Info.plist;
				LD_RUNPATH_SEARCH_PATHS = (
					"$(inherited)",
					"@executable_path/Frameworks",
					"@loader_path/Frameworks",
				);
				PRODUCT_BUNDLE_IDENTIFIER = "es.upsa.mimo.PracticaIOS-BooksUITests";
				PRODUCT_NAME = "$(TARGET_NAME)";
				SWIFT_VERSION = 5.0;
				TARGETED_DEVICE_FAMILY = "1,2";
				TEST_TARGET_NAME = PracticaIOS_Books;
			};
			name = Release;
		};
/* End XCBuildConfiguration section */

/* Begin XCConfigurationList section */
		1F2A1ED4260400F400933CDB /* Build configuration list for PBXProject "PracticaIOS_Books" */ = {
			isa = XCConfigurationList;
			buildConfigurations = (
				1F2A1F01260400F500933CDB /* Debug */,
				1F2A1F02260400F500933CDB /* Release */,
			);
			defaultConfigurationIsVisible = 0;
			defaultConfigurationName = Release;
		};
		1F2A1F03260400F500933CDB /* Build configuration list for PBXNativeTarget "PracticaIOS_Books" */ = {
			isa = XCConfigurationList;
			buildConfigurations = (
				1F2A1F04260400F500933CDB /* Debug */,
				1F2A1F05260400F500933CDB /* Release */,
			);
			defaultConfigurationIsVisible = 0;
			defaultConfigurationName = Release;
		};
		1F2A1F06260400F500933CDB /* Build configuration list for PBXNativeTarget "PracticaIOS_BooksTests" */ = {
			isa = XCConfigurationList;
			buildConfigurations = (
				1F2A1F07260400F500933CDB /* Debug */,
				1F2A1F08260400F500933CDB /* Release */,
			);
			defaultConfigurationIsVisible = 0;
			defaultConfigurationName = Release;
		};
		1F2A1F09260400F500933CDB /* Build configuration list for PBXNativeTarget "PracticaIOS_BooksUITests" */ = {
			isa = XCConfigurationList;
			buildConfigurations = (
				1F2A1F0A260400F500933CDB /* Debug */,
				1F2A1F0B260400F500933CDB /* Release */,
			);
			defaultConfigurationIsVisible = 0;
			defaultConfigurationName = Release;
		};
/* End XCConfigurationList section */

/* Begin XCVersionGroup section */
		1F9F8AD026076AC4007ACEDB /* MyLibrary.xcdatamodeld */ = {
			isa = XCVersionGroup;
			children = (
				1FE692C82613D4B300CE8DF1 /* MyLibrary 2.xcdatamodel */,
				1F9F8AD126076AC4007ACEDB /* MyLibrary.xcdatamodel */,
			);
			currentVersion = 1F9F8AD126076AC4007ACEDB /* MyLibrary.xcdatamodel */;
			path = MyLibrary.xcdatamodeld;
			sourceTree = "<group>";
			versionGroupType = wrapper.xcdatamodel;
		};
/* End XCVersionGroup section */
	};
	rootObject = 1F2A1ED1260400F400933CDB /* Project object */;
}
