// !$*UTF8*$!
{
	archiveVersion = 1;
	classes = {
	};
	objectVersion = 50;
	objects = {

/* Begin PBXBuildFile section */
		1F10AC38261E1BBF00889887 /* WelcomeViewModel.swift in Sources */ = {isa = PBXBuildFile; fileRef = 1F10AC37261E1BBF00889887 /* WelcomeViewModel.swift */; };
		1F13D59626192B3B00A7AD97 /* HomeViewModel.swift in Sources */ = {isa = PBXBuildFile; fileRef = 1F13D59526192B3B00A7AD97 /* HomeViewModel.swift */; };
		1F2A1EDD260400F400933CDB /* AppDelegate.swift in Sources */ = {isa = PBXBuildFile; fileRef = 1F2A1EDC260400F400933CDB /* AppDelegate.swift */; };
		1F2A1EDF260400F400933CDB /* SceneDelegate.swift in Sources */ = {isa = PBXBuildFile; fileRef = 1F2A1EDE260400F400933CDB /* SceneDelegate.swift */; };
		1F2A1EE1260400F400933CDB /* WelcomeViewController.swift in Sources */ = {isa = PBXBuildFile; fileRef = 1F2A1EE0260400F400933CDB /* WelcomeViewController.swift */; };
		1F2A1EE6260400F500933CDB /* Assets.xcassets in Resources */ = {isa = PBXBuildFile; fileRef = 1F2A1EE5260400F500933CDB /* Assets.xcassets */; };
		1F2A1EF4260400F500933CDB /* PracticaIOS_BooksTests.swift in Sources */ = {isa = PBXBuildFile; fileRef = 1F2A1EF3260400F500933CDB /* PracticaIOS_BooksTests.swift */; };
		1F2A1EFF260400F500933CDB /* PracticaIOS_BooksUITests.swift in Sources */ = {isa = PBXBuildFile; fileRef = 1F2A1EFE260400F500933CDB /* PracticaIOS_BooksUITests.swift */; };
		1F30B26026333C5900CF0223 /* User+CoreDataClass.swift in Sources */ = {isa = PBXBuildFile; fileRef = 1F30B25E26333C5900CF0223 /* User+CoreDataClass.swift */; };
		1F30B26126333C5900CF0223 /* User+CoreDataProperties.swift in Sources */ = {isa = PBXBuildFile; fileRef = 1F30B25F26333C5900CF0223 /* User+CoreDataProperties.swift */; };
		1F57D3662618752C00FC26D0 /* BookManager.swift in Sources */ = {isa = PBXBuildFile; fileRef = 1F57D3652618752C00FC26D0 /* BookManager.swift */; };
		1F6B44D426188BB3004D1446 /* HomeViewController.swift in Sources */ = {isa = PBXBuildFile; fileRef = 1F6B44D226188BB3004D1446 /* HomeViewController.swift */; };
		1F6B44DD2618B468004D1446 /* HomeCell.swift in Sources */ = {isa = PBXBuildFile; fileRef = 1F6B44DC2618B468004D1446 /* HomeCell.swift */; };
		1F6B44E22618B58B004D1446 /* BookNYT.swift in Sources */ = {isa = PBXBuildFile; fileRef = 1F6B44E12618B58B004D1446 /* BookNYT.swift */; };
		1F6B44E72618B5A9004D1446 /* BookGoogle.swift in Sources */ = {isa = PBXBuildFile; fileRef = 1F6B44E62618B5A9004D1446 /* BookGoogle.swift */; };
		1F6B44EC2618B6D7004D1446 /* APIManager.swift in Sources */ = {isa = PBXBuildFile; fileRef = 1F6B44EB2618B6D7004D1446 /* APIManager.swift */; };
		1F6B44F12618BE19004D1446 /* StringUtils.swift in Sources */ = {isa = PBXBuildFile; fileRef = 1F6B44F02618BE19004D1446 /* StringUtils.swift */; };
		1F6B44FC2619257C004D1446 /* BookViewModel.swift in Sources */ = {isa = PBXBuildFile; fileRef = 1F6B44FB2619257C004D1446 /* BookViewModel.swift */; };
		1F98FF1E262B3729007D637C /* SearchViewController.swift in Sources */ = {isa = PBXBuildFile; fileRef = 1F98FF1C262B3729007D637C /* SearchViewController.swift */; };
		1F98FF1F262B3729007D637C /* SearchViewController.xib in Resources */ = {isa = PBXBuildFile; fileRef = 1F98FF1D262B3729007D637C /* SearchViewController.xib */; };
		1F98FF27262B3E57007D637C /* SearchViewModel.swift in Sources */ = {isa = PBXBuildFile; fileRef = 1F98FF26262B3E57007D637C /* SearchViewModel.swift */; };
		1F9A9A6C260F556D0002CD72 /* UserViewModel.swift in Sources */ = {isa = PBXBuildFile; fileRef = 1F9A9A6B260F556D0002CD72 /* UserViewModel.swift */; };
		1F9A9A71260F64A50002CD72 /* LoginViewModel.swift in Sources */ = {isa = PBXBuildFile; fileRef = 1F9A9A70260F64A50002CD72 /* LoginViewModel.swift */; };
		1F9A9A76260F65C20002CD72 /* RegisterViewModel.swift in Sources */ = {isa = PBXBuildFile; fileRef = 1F9A9A75260F65C20002CD72 /* RegisterViewModel.swift */; };
		1F9BE76C2606AFE600C822AC /* LoginViewController.swift in Sources */ = {isa = PBXBuildFile; fileRef = 1F9BE76B2606AFE600C822AC /* LoginViewController.swift */; };
		1F9BE7712606B00D00C822AC /* RegisterViewController.swift in Sources */ = {isa = PBXBuildFile; fileRef = 1F9BE7702606B00D00C822AC /* RegisterViewController.swift */; };
		1F9F36122621A8AA00A6AB54 /* HomeCollectionCell.swift in Sources */ = {isa = PBXBuildFile; fileRef = 1F9F36112621A8AA00A6AB54 /* HomeCollectionCell.swift */; };
		1F9F361A262253A300A6AB54 /* DetailViewController.swift in Sources */ = {isa = PBXBuildFile; fileRef = 1F9F3619262253A300A6AB54 /* DetailViewController.swift */; };
		1F9F8ADF26080C67007ACEDB /* UserManager.swift in Sources */ = {isa = PBXBuildFile; fileRef = 1F9F8ADE26080C67007ACEDB /* UserManager.swift */; };
		1FA2079A2624C543001D7349 /* HomeRouteCoordinator.swift in Sources */ = {isa = PBXBuildFile; fileRef = 1FA207992624C543001D7349 /* HomeRouteCoordinator.swift */; };
		1FA207A22624CA86001D7349 /* StartRouteCoordinator.swift in Sources */ = {isa = PBXBuildFile; fileRef = 1FA207A12624CA86001D7349 /* StartRouteCoordinator.swift */; };
		1FA207AC2624FBFF001D7349 /* DetailViewModel.swift in Sources */ = {isa = PBXBuildFile; fileRef = 1FA207AB2624FBFF001D7349 /* DetailViewModel.swift */; };
		1FB091A12610845B002E9221 /* ModalViewController.swift in Sources */ = {isa = PBXBuildFile; fileRef = 1FB091A02610845B002E9221 /* ModalViewController.swift */; };
		1FB66732262763B80005F4B9 /* WelcomeViewController.xib in Resources */ = {isa = PBXBuildFile; fileRef = 1FB66731262763B80005F4B9 /* WelcomeViewController.xib */; };
		1FB66737262764790005F4B9 /* LoginViewController.xib in Resources */ = {isa = PBXBuildFile; fileRef = 1FB66736262764790005F4B9 /* LoginViewController.xib */; };
		1FB6673C262764DC0005F4B9 /* RegisterViewController.xib in Resources */ = {isa = PBXBuildFile; fileRef = 1FB6673B262764DC0005F4B9 /* RegisterViewController.xib */; };
		1FB66741262765A90005F4B9 /* HomeViewController.xib in Resources */ = {isa = PBXBuildFile; fileRef = 1FB66740262765A90005F4B9 /* HomeViewController.xib */; };
		1FB66746262766A90005F4B9 /* HomeCell.xib in Resources */ = {isa = PBXBuildFile; fileRef = 1FB66745262766A90005F4B9 /* HomeCell.xib */; };
		1FB6674B262768890005F4B9 /* DetailViewController.xib in Resources */ = {isa = PBXBuildFile; fileRef = 1FB6674A262768890005F4B9 /* DetailViewController.xib */; };
		1FB667532627A7C90005F4B9 /* HomeCollectionCell.xib in Resources */ = {isa = PBXBuildFile; fileRef = 1FB667522627A7C90005F4B9 /* HomeCollectionCell.xib */; };
		1FB733A4262E009700CF70E4 /* SearchRouteCoordinator.swift in Sources */ = {isa = PBXBuildFile; fileRef = 1FB733A3262E009700CF70E4 /* SearchRouteCoordinator.swift */; };
		1FB733A9262E00B100CF70E4 /* ListsRouteCoordinator.swift in Sources */ = {isa = PBXBuildFile; fileRef = 1FB733A8262E00B100CF70E4 /* ListsRouteCoordinator.swift */; };
		1FB733AE262E012300CF70E4 /* LikeRouteCoordinator.swift in Sources */ = {isa = PBXBuildFile; fileRef = 1FB733AD262E012300CF70E4 /* LikeRouteCoordinator.swift */; };
		1FB733B3262E04D000CF70E4 /* MainRouteCoordinator.swift in Sources */ = {isa = PBXBuildFile; fileRef = 1FB733B2262E04D000CF70E4 /* MainRouteCoordinator.swift */; };
		1FB8795526286EA200BD1B8D /* Main.storyboard in Resources */ = {isa = PBXBuildFile; fileRef = 1FB8795326286EA200BD1B8D /* Main.storyboard */; };
		1FB879662628C71F00BD1B8D /* CommentsViewController.swift in Sources */ = {isa = PBXBuildFile; fileRef = 1FB879652628C71F00BD1B8D /* CommentsViewController.swift */; };
		1FB8796B2628C81B00BD1B8D /* CommentsViewModel.swift in Sources */ = {isa = PBXBuildFile; fileRef = 1FB8796A2628C81B00BD1B8D /* CommentsViewModel.swift */; };
		1FB879702628C8D900BD1B8D /* CommentsViewController.xib in Resources */ = {isa = PBXBuildFile; fileRef = 1FB8796F2628C8D900BD1B8D /* CommentsViewController.xib */; };
		1FB879762628CB9900BD1B8D /* AddCommentViewController.swift in Sources */ = {isa = PBXBuildFile; fileRef = 1FB879742628CB9900BD1B8D /* AddCommentViewController.swift */; };
		1FB879772628CB9900BD1B8D /* AddCommentViewController.xib in Resources */ = {isa = PBXBuildFile; fileRef = 1FB879752628CB9900BD1B8D /* AddCommentViewController.xib */; };
		1FB879852628F48A00BD1B8D /* CommentsCell.swift in Sources */ = {isa = PBXBuildFile; fileRef = 1FB879832628F48900BD1B8D /* CommentsCell.swift */; };
		1FB879862628F48A00BD1B8D /* CommentsCell.xib in Resources */ = {isa = PBXBuildFile; fileRef = 1FB879842628F48900BD1B8D /* CommentsCell.xib */; };
		1FC540062630AC93003DC820 /* MyLibrary.xcdatamodeld in Sources */ = {isa = PBXBuildFile; fileRef = 1FC540042630AC93003DC820 /* MyLibrary.xcdatamodeld */; };
/* End PBXBuildFile section */

/* Begin PBXContainerItemProxy section */
		1F2A1EF0260400F500933CDB /* PBXContainerItemProxy */ = {
			isa = PBXContainerItemProxy;
			containerPortal = 1F2A1ED1260400F400933CDB /* Project object */;
			proxyType = 1;
			remoteGlobalIDString = 1F2A1ED8260400F400933CDB;
			remoteInfo = PracticaIOS_Books;
		};
		1F2A1EFB260400F500933CDB /* PBXContainerItemProxy */ = {
			isa = PBXContainerItemProxy;
			containerPortal = 1F2A1ED1260400F400933CDB /* Project object */;
			proxyType = 1;
			remoteGlobalIDString = 1F2A1ED8260400F400933CDB;
			remoteInfo = PracticaIOS_Books;
		};
/* End PBXContainerItemProxy section */

/* Begin PBXFileReference section */
		1F10AC37261E1BBF00889887 /* WelcomeViewModel.swift */ = {isa = PBXFileReference; lastKnownFileType = sourcecode.swift; path = WelcomeViewModel.swift; sourceTree = "<group>"; };
		1F13D59526192B3B00A7AD97 /* HomeViewModel.swift */ = {isa = PBXFileReference; lastKnownFileType = sourcecode.swift; path = HomeViewModel.swift; sourceTree = "<group>"; };
		1F2A1ED9260400F400933CDB /* PracticaIOS_Books.app */ = {isa = PBXFileReference; explicitFileType = wrapper.application; includeInIndex = 0; path = PracticaIOS_Books.app; sourceTree = BUILT_PRODUCTS_DIR; };
		1F2A1EDC260400F400933CDB /* AppDelegate.swift */ = {isa = PBXFileReference; lastKnownFileType = sourcecode.swift; path = AppDelegate.swift; sourceTree = "<group>"; };
		1F2A1EDE260400F400933CDB /* SceneDelegate.swift */ = {isa = PBXFileReference; lastKnownFileType = sourcecode.swift; path = SceneDelegate.swift; sourceTree = "<group>"; };
		1F2A1EE0260400F400933CDB /* WelcomeViewController.swift */ = {isa = PBXFileReference; lastKnownFileType = sourcecode.swift; path = WelcomeViewController.swift; sourceTree = "<group>"; };
		1F2A1EE5260400F500933CDB /* Assets.xcassets */ = {isa = PBXFileReference; lastKnownFileType = folder.assetcatalog; path = Assets.xcassets; sourceTree = "<group>"; };
		1F2A1EEA260400F500933CDB /* Info.plist */ = {isa = PBXFileReference; lastKnownFileType = text.plist.xml; path = Info.plist; sourceTree = "<group>"; };
		1F2A1EEF260400F500933CDB /* PracticaIOS_BooksTests.xctest */ = {isa = PBXFileReference; explicitFileType = wrapper.cfbundle; includeInIndex = 0; path = PracticaIOS_BooksTests.xctest; sourceTree = BUILT_PRODUCTS_DIR; };
		1F2A1EF3260400F500933CDB /* PracticaIOS_BooksTests.swift */ = {isa = PBXFileReference; lastKnownFileType = sourcecode.swift; path = PracticaIOS_BooksTests.swift; sourceTree = "<group>"; };
		1F2A1EF5260400F500933CDB /* Info.plist */ = {isa = PBXFileReference; lastKnownFileType = text.plist.xml; path = Info.plist; sourceTree = "<group>"; };
		1F2A1EFA260400F500933CDB /* PracticaIOS_BooksUITests.xctest */ = {isa = PBXFileReference; explicitFileType = wrapper.cfbundle; includeInIndex = 0; path = PracticaIOS_BooksUITests.xctest; sourceTree = BUILT_PRODUCTS_DIR; };
		1F2A1EFE260400F500933CDB /* PracticaIOS_BooksUITests.swift */ = {isa = PBXFileReference; lastKnownFileType = sourcecode.swift; path = PracticaIOS_BooksUITests.swift; sourceTree = "<group>"; };
		1F2A1F00260400F500933CDB /* Info.plist */ = {isa = PBXFileReference; lastKnownFileType = text.plist.xml; path = Info.plist; sourceTree = "<group>"; };
		1F30B25E26333C5900CF0223 /* User+CoreDataClass.swift */ = {isa = PBXFileReference; lastKnownFileType = sourcecode.swift; path = "User+CoreDataClass.swift"; sourceTree = SOURCE_ROOT; };
		1F30B25F26333C5900CF0223 /* User+CoreDataProperties.swift */ = {isa = PBXFileReference; lastKnownFileType = sourcecode.swift; path = "User+CoreDataProperties.swift"; sourceTree = SOURCE_ROOT; };
		1F57D3652618752C00FC26D0 /* BookManager.swift */ = {isa = PBXFileReference; lastKnownFileType = sourcecode.swift; path = BookManager.swift; sourceTree = "<group>"; };
		1F6B44D226188BB3004D1446 /* HomeViewController.swift */ = {isa = PBXFileReference; lastKnownFileType = sourcecode.swift; path = HomeViewController.swift; sourceTree = "<group>"; };
		1F6B44DC2618B468004D1446 /* HomeCell.swift */ = {isa = PBXFileReference; lastKnownFileType = sourcecode.swift; path = HomeCell.swift; sourceTree = "<group>"; };
		1F6B44E12618B58B004D1446 /* BookNYT.swift */ = {isa = PBXFileReference; lastKnownFileType = sourcecode.swift; path = BookNYT.swift; sourceTree = "<group>"; };
		1F6B44E62618B5A9004D1446 /* BookGoogle.swift */ = {isa = PBXFileReference; lastKnownFileType = sourcecode.swift; path = BookGoogle.swift; sourceTree = "<group>"; };
		1F6B44EB2618B6D7004D1446 /* APIManager.swift */ = {isa = PBXFileReference; lastKnownFileType = sourcecode.swift; path = APIManager.swift; sourceTree = "<group>"; };
		1F6B44F02618BE19004D1446 /* StringUtils.swift */ = {isa = PBXFileReference; lastKnownFileType = sourcecode.swift; path = StringUtils.swift; sourceTree = "<group>"; };
		1F6B44FB2619257C004D1446 /* BookViewModel.swift */ = {isa = PBXFileReference; lastKnownFileType = sourcecode.swift; path = BookViewModel.swift; sourceTree = "<group>"; };
		1F98FF1C262B3729007D637C /* SearchViewController.swift */ = {isa = PBXFileReference; lastKnownFileType = sourcecode.swift; path = SearchViewController.swift; sourceTree = "<group>"; };
		1F98FF1D262B3729007D637C /* SearchViewController.xib */ = {isa = PBXFileReference; lastKnownFileType = file.xib; path = SearchViewController.xib; sourceTree = "<group>"; };
		1F98FF26262B3E57007D637C /* SearchViewModel.swift */ = {isa = PBXFileReference; lastKnownFileType = sourcecode.swift; path = SearchViewModel.swift; sourceTree = "<group>"; };
		1F9A9A6B260F556D0002CD72 /* UserViewModel.swift */ = {isa = PBXFileReference; lastKnownFileType = sourcecode.swift; name = UserViewModel.swift; path = PracticaIOS_Books/UI/GenericViewModels/UserViewModel.swift; sourceTree = SOURCE_ROOT; };
		1F9A9A70260F64A50002CD72 /* LoginViewModel.swift */ = {isa = PBXFileReference; lastKnownFileType = sourcecode.swift; path = LoginViewModel.swift; sourceTree = "<group>"; };
		1F9A9A75260F65C20002CD72 /* RegisterViewModel.swift */ = {isa = PBXFileReference; lastKnownFileType = sourcecode.swift; path = RegisterViewModel.swift; sourceTree = "<group>"; };
		1F9BE76B2606AFE600C822AC /* LoginViewController.swift */ = {isa = PBXFileReference; lastKnownFileType = sourcecode.swift; path = LoginViewController.swift; sourceTree = "<group>"; };
		1F9BE7702606B00D00C822AC /* RegisterViewController.swift */ = {isa = PBXFileReference; lastKnownFileType = sourcecode.swift; path = RegisterViewController.swift; sourceTree = "<group>"; };
		1F9F36112621A8AA00A6AB54 /* HomeCollectionCell.swift */ = {isa = PBXFileReference; lastKnownFileType = sourcecode.swift; path = HomeCollectionCell.swift; sourceTree = "<group>"; };
		1F9F3619262253A300A6AB54 /* DetailViewController.swift */ = {isa = PBXFileReference; lastKnownFileType = sourcecode.swift; path = DetailViewController.swift; sourceTree = "<group>"; };
		1F9F8ADE26080C67007ACEDB /* UserManager.swift */ = {isa = PBXFileReference; lastKnownFileType = sourcecode.swift; path = UserManager.swift; sourceTree = "<group>"; };
		1FA207992624C543001D7349 /* HomeRouteCoordinator.swift */ = {isa = PBXFileReference; lastKnownFileType = sourcecode.swift; path = HomeRouteCoordinator.swift; sourceTree = "<group>"; };
		1FA207A12624CA86001D7349 /* StartRouteCoordinator.swift */ = {isa = PBXFileReference; lastKnownFileType = sourcecode.swift; path = StartRouteCoordinator.swift; sourceTree = "<group>"; };
		1FA207AB2624FBFF001D7349 /* DetailViewModel.swift */ = {isa = PBXFileReference; lastKnownFileType = sourcecode.swift; path = DetailViewModel.swift; sourceTree = "<group>"; };
		1FB091A02610845B002E9221 /* ModalViewController.swift */ = {isa = PBXFileReference; lastKnownFileType = sourcecode.swift; path = ModalViewController.swift; sourceTree = "<group>"; };
		1FB66731262763B80005F4B9 /* WelcomeViewController.xib */ = {isa = PBXFileReference; lastKnownFileType = file.xib; path = WelcomeViewController.xib; sourceTree = "<group>"; };
		1FB66736262764790005F4B9 /* LoginViewController.xib */ = {isa = PBXFileReference; lastKnownFileType = file.xib; path = LoginViewController.xib; sourceTree = "<group>"; };
		1FB6673B262764DC0005F4B9 /* RegisterViewController.xib */ = {isa = PBXFileReference; lastKnownFileType = file.xib; path = RegisterViewController.xib; sourceTree = "<group>"; };
		1FB66740262765A90005F4B9 /* HomeViewController.xib */ = {isa = PBXFileReference; lastKnownFileType = file.xib; path = HomeViewController.xib; sourceTree = "<group>"; };
		1FB66745262766A90005F4B9 /* HomeCell.xib */ = {isa = PBXFileReference; lastKnownFileType = file.xib; path = HomeCell.xib; sourceTree = "<group>"; };
		1FB6674A262768890005F4B9 /* DetailViewController.xib */ = {isa = PBXFileReference; lastKnownFileType = file.xib; path = DetailViewController.xib; sourceTree = "<group>"; };
		1FB667522627A7C90005F4B9 /* HomeCollectionCell.xib */ = {isa = PBXFileReference; lastKnownFileType = file.xib; path = HomeCollectionCell.xib; sourceTree = "<group>"; };
		1FB733A3262E009700CF70E4 /* SearchRouteCoordinator.swift */ = {isa = PBXFileReference; lastKnownFileType = sourcecode.swift; path = SearchRouteCoordinator.swift; sourceTree = "<group>"; };
		1FB733A8262E00B100CF70E4 /* ListsRouteCoordinator.swift */ = {isa = PBXFileReference; lastKnownFileType = sourcecode.swift; path = ListsRouteCoordinator.swift; sourceTree = "<group>"; };
		1FB733AD262E012300CF70E4 /* LikeRouteCoordinator.swift */ = {isa = PBXFileReference; lastKnownFileType = sourcecode.swift; path = LikeRouteCoordinator.swift; sourceTree = "<group>"; };
		1FB733B2262E04D000CF70E4 /* MainRouteCoordinator.swift */ = {isa = PBXFileReference; lastKnownFileType = sourcecode.swift; path = MainRouteCoordinator.swift; sourceTree = "<group>"; };
		1FB8795426286EA200BD1B8D /* Base */ = {isa = PBXFileReference; lastKnownFileType = file.storyboard; name = Base; path = Base.lproj/Main.storyboard; sourceTree = "<group>"; };
		1FB879652628C71F00BD1B8D /* CommentsViewController.swift */ = {isa = PBXFileReference; lastKnownFileType = sourcecode.swift; path = CommentsViewController.swift; sourceTree = "<group>"; };
		1FB8796A2628C81B00BD1B8D /* CommentsViewModel.swift */ = {isa = PBXFileReference; lastKnownFileType = sourcecode.swift; path = CommentsViewModel.swift; sourceTree = "<group>"; };
		1FB8796F2628C8D900BD1B8D /* CommentsViewController.xib */ = {isa = PBXFileReference; lastKnownFileType = file.xib; path = CommentsViewController.xib; sourceTree = "<group>"; };
		1FB879742628CB9900BD1B8D /* AddCommentViewController.swift */ = {isa = PBXFileReference; lastKnownFileType = sourcecode.swift; path = AddCommentViewController.swift; sourceTree = "<group>"; };
		1FB879752628CB9900BD1B8D /* AddCommentViewController.xib */ = {isa = PBXFileReference; lastKnownFileType = file.xib; path = AddCommentViewController.xib; sourceTree = "<group>"; };
		1FB879832628F48900BD1B8D /* CommentsCell.swift */ = {isa = PBXFileReference; lastKnownFileType = sourcecode.swift; path = CommentsCell.swift; sourceTree = "<group>"; };
		1FB879842628F48900BD1B8D /* CommentsCell.xib */ = {isa = PBXFileReference; lastKnownFileType = file.xib; path = CommentsCell.xib; sourceTree = "<group>"; };
		1FC540052630AC93003DC820 /* MyLibrary.xcdatamodel */ = {isa = PBXFileReference; lastKnownFileType = wrapper.xcdatamodel; path = MyLibrary.xcdatamodel; sourceTree = "<group>"; };
/* End PBXFileReference section */

/* Begin PBXFrameworksBuildPhase section */
		1F2A1ED6260400F400933CDB /* Frameworks */ = {
			isa = PBXFrameworksBuildPhase;
			buildActionMask = 2147483647;
			files = (
			);
			runOnlyForDeploymentPostprocessing = 0;
		};
		1F2A1EEC260400F500933CDB /* Frameworks */ = {
			isa = PBXFrameworksBuildPhase;
			buildActionMask = 2147483647;
			files = (
			);
			runOnlyForDeploymentPostprocessing = 0;
		};
		1F2A1EF7260400F500933CDB /* Frameworks */ = {
			isa = PBXFrameworksBuildPhase;
			buildActionMask = 2147483647;
			files = (
			);
			runOnlyForDeploymentPostprocessing = 0;
		};
/* End PBXFrameworksBuildPhase section */

/* Begin PBXGroup section */
		1F2A1ED0260400F400933CDB = {
			isa = PBXGroup;
			children = (
				1F2A1EDB260400F400933CDB /* PracticaIOS_Books */,
				1F2A1EF2260400F500933CDB /* PracticaIOS_BooksTests */,
				1F2A1EFD260400F500933CDB /* PracticaIOS_BooksUITests */,
				1F2A1EDA260400F400933CDB /* Products */,
			);
			sourceTree = "<group>";
		};
		1F2A1EDA260400F400933CDB /* Products */ = {
			isa = PBXGroup;
			children = (
				1F2A1ED9260400F400933CDB /* PracticaIOS_Books.app */,
				1F2A1EEF260400F500933CDB /* PracticaIOS_BooksTests.xctest */,
				1F2A1EFA260400F500933CDB /* PracticaIOS_BooksUITests.xctest */,
			);
			name = Products;
			sourceTree = "<group>";
		};
		1F2A1EDB260400F400933CDB /* PracticaIOS_Books */ = {
			isa = PBXGroup;
			children = (
				1F91F1352619B72200B063B3 /* Utils */,
				1F91F1272619B60200B063B3 /* Model */,
				1F91F1262619B5F700B063B3 /* UI */,
				1F2A1EDC260400F400933CDB /* AppDelegate.swift */,
				1FB8795326286EA200BD1B8D /* Main.storyboard */,
				1F2A1EDE260400F400933CDB /* SceneDelegate.swift */,
				1F2A1EE5260400F500933CDB /* Assets.xcassets */,
				1F2A1EEA260400F500933CDB /* Info.plist */,
			);
			path = PracticaIOS_Books;
			sourceTree = "<group>";
		};
		1F2A1EF2260400F500933CDB /* PracticaIOS_BooksTests */ = {
			isa = PBXGroup;
			children = (
				1F2A1EF3260400F500933CDB /* PracticaIOS_BooksTests.swift */,
				1F2A1EF5260400F500933CDB /* Info.plist */,
			);
			path = PracticaIOS_BooksTests;
			sourceTree = "<group>";
		};
		1F2A1EFD260400F500933CDB /* PracticaIOS_BooksUITests */ = {
			isa = PBXGroup;
			children = (
				1F2A1EFE260400F500933CDB /* PracticaIOS_BooksUITests.swift */,
				1F2A1F00260400F500933CDB /* Info.plist */,
			);
			path = PracticaIOS_BooksUITests;
			sourceTree = "<group>";
		};
		1F91F1262619B5F700B063B3 /* UI */ = {
			isa = PBXGroup;
			children = (
				1F98FF1B262B3660007D637C /* Search */,
				1FB879642628C4D700BD1B8D /* Likes */,
				1FB879632628C4BF00BD1B8D /* Lists */,
				1FB879612628C46A00BD1B8D /* Profile */,
				1FB879602628C44D00BD1B8D /* Comments */,
				1FB879592628806800BD1B8D /* RouteCoordinators */,
				1F9F36182622537E00A6AB54 /* Detail */,
				1F91F1342619B70900B063B3 /* Modal */,
				1F91F12E2619B6B800B063B3 /* GenericViewModels */,
				1F91F12D2619B67200B063B3 /* Home */,
				1F91F12C2619B66400B063B3 /* Register */,
				1F91F12B2619B65900B063B3 /* Login */,
				1F91F12A2619B64F00B063B3 /* Welcome */,
			);
			path = UI;
			sourceTree = "<group>";
		};
		1F91F1272619B60200B063B3 /* Model */ = {
			isa = PBXGroup;
			children = (
				1FC540042630AC93003DC820 /* MyLibrary.xcdatamodeld */,
				1F91F1292619B63C00B063B3 /* Book */,
				1F91F1282619B63200B063B3 /* User */,
			);
			path = Model;
			sourceTree = "<group>";
		};
		1F91F1282619B63200B063B3 /* User */ = {
			isa = PBXGroup;
			children = (
				1F30B25E26333C5900CF0223 /* User+CoreDataClass.swift */,
				1F30B25F26333C5900CF0223 /* User+CoreDataProperties.swift */,
				1F9F8ADE26080C67007ACEDB /* UserManager.swift */,
			);
			path = User;
			sourceTree = "<group>";
		};
		1F91F1292619B63C00B063B3 /* Book */ = {
			isa = PBXGroup;
			children = (
				1F57D3652618752C00FC26D0 /* BookManager.swift */,
				1F6B44E12618B58B004D1446 /* BookNYT.swift */,
				1F6B44EB2618B6D7004D1446 /* APIManager.swift */,
				1F6B44E62618B5A9004D1446 /* BookGoogle.swift */,
			);
			path = Book;
			sourceTree = "<group>";
		};
		1F91F12A2619B64F00B063B3 /* Welcome */ = {
			isa = PBXGroup;
			children = (
				1F2A1EE0260400F400933CDB /* WelcomeViewController.swift */,
				1F10AC37261E1BBF00889887 /* WelcomeViewModel.swift */,
				1FB66731262763B80005F4B9 /* WelcomeViewController.xib */,
			);
			path = Welcome;
			sourceTree = "<group>";
		};
		1F91F12B2619B65900B063B3 /* Login */ = {
			isa = PBXGroup;
			children = (
				1F9BE76B2606AFE600C822AC /* LoginViewController.swift */,
				1F9A9A70260F64A50002CD72 /* LoginViewModel.swift */,
				1FB66736262764790005F4B9 /* LoginViewController.xib */,
			);
			path = Login;
			sourceTree = "<group>";
		};
		1F91F12C2619B66400B063B3 /* Register */ = {
			isa = PBXGroup;
			children = (
				1F9BE7702606B00D00C822AC /* RegisterViewController.swift */,
				1F9A9A75260F65C20002CD72 /* RegisterViewModel.swift */,
				1FB6673B262764DC0005F4B9 /* RegisterViewController.xib */,
			);
			path = Register;
			sourceTree = "<group>";
		};
		1F91F12D2619B67200B063B3 /* Home */ = {
			isa = PBXGroup;
			children = (
				1F6B44D226188BB3004D1446 /* HomeViewController.swift */,
				1F13D59526192B3B00A7AD97 /* HomeViewModel.swift */,
				1F6B44DC2618B468004D1446 /* HomeCell.swift */,
				1F9F36112621A8AA00A6AB54 /* HomeCollectionCell.swift */,
				1FB66740262765A90005F4B9 /* HomeViewController.xib */,
				1FB66745262766A90005F4B9 /* HomeCell.xib */,
				1FB667522627A7C90005F4B9 /* HomeCollectionCell.xib */,
			);
			path = Home;
			sourceTree = "<group>";
		};
		1F91F12E2619B6B800B063B3 /* GenericViewModels */ = {
			isa = PBXGroup;
			children = (
				1F9A9A6B260F556D0002CD72 /* UserViewModel.swift */,
				1F6B44FB2619257C004D1446 /* BookViewModel.swift */,
			);
			path = GenericViewModels;
			sourceTree = "<group>";
		};
		1F91F1342619B70900B063B3 /* Modal */ = {
			isa = PBXGroup;
			children = (
				1FB091A02610845B002E9221 /* ModalViewController.swift */,
			);
			path = Modal;
			sourceTree = "<group>";
		};
		1F91F1352619B72200B063B3 /* Utils */ = {
			isa = PBXGroup;
			children = (
				1F6B44F02618BE19004D1446 /* StringUtils.swift */,
			);
			path = Utils;
			sourceTree = "<group>";
		};
		1F98FF1B262B3660007D637C /* Search */ = {
			isa = PBXGroup;
			children = (
				1F98FF1C262B3729007D637C /* SearchViewController.swift */,
				1F98FF1D262B3729007D637C /* SearchViewController.xib */,
				1F98FF26262B3E57007D637C /* SearchViewModel.swift */,
			);
			path = Search;
			sourceTree = "<group>";
		};
		1F9F36182622537E00A6AB54 /* Detail */ = {
			isa = PBXGroup;
			children = (
				1F9F3619262253A300A6AB54 /* DetailViewController.swift */,
				1FA207AB2624FBFF001D7349 /* DetailViewModel.swift */,
				1FB6674A262768890005F4B9 /* DetailViewController.xib */,
			);
			path = Detail;
			sourceTree = "<group>";
		};
		1FB879592628806800BD1B8D /* RouteCoordinators */ = {
			isa = PBXGroup;
			children = (
				1FA207A12624CA86001D7349 /* StartRouteCoordinator.swift */,
				1FB733B2262E04D000CF70E4 /* MainRouteCoordinator.swift */,
				1FA207992624C543001D7349 /* HomeRouteCoordinator.swift */,
				1FB733A3262E009700CF70E4 /* SearchRouteCoordinator.swift */,
				1FB733A8262E00B100CF70E4 /* ListsRouteCoordinator.swift */,
				1FB733AD262E012300CF70E4 /* LikeRouteCoordinator.swift */,
			);
			path = RouteCoordinators;
			sourceTree = "<group>";
		};
		1FB879602628C44D00BD1B8D /* Comments */ = {
			isa = PBXGroup;
			children = (
				1FB879652628C71F00BD1B8D /* CommentsViewController.swift */,
				1FB8796A2628C81B00BD1B8D /* CommentsViewModel.swift */,
				1FB8796F2628C8D900BD1B8D /* CommentsViewController.xib */,
				1FB879742628CB9900BD1B8D /* AddCommentViewController.swift */,
				1FB879752628CB9900BD1B8D /* AddCommentViewController.xib */,
				1FB879832628F48900BD1B8D /* CommentsCell.swift */,
				1FB879842628F48900BD1B8D /* CommentsCell.xib */,
			);
			path = Comments;
			sourceTree = "<group>";
		};
		1FB879612628C46A00BD1B8D /* Profile */ = {
			isa = PBXGroup;
			children = (
			);
			path = Profile;
			sourceTree = "<group>";
		};
		1FB879632628C4BF00BD1B8D /* Lists */ = {
			isa = PBXGroup;
			children = (
			);
			path = Lists;
			sourceTree = "<group>";
		};
		1FB879642628C4D700BD1B8D /* Likes */ = {
			isa = PBXGroup;
			children = (
			);
			path = Likes;
			sourceTree = "<group>";
		};
/* End PBXGroup section */

/* Begin PBXNativeTarget section */
		1F2A1ED8260400F400933CDB /* PracticaIOS_Books */ = {
			isa = PBXNativeTarget;
			buildConfigurationList = 1F2A1F03260400F500933CDB /* Build configuration list for PBXNativeTarget "PracticaIOS_Books" */;
			buildPhases = (
				1F2A1ED5260400F400933CDB /* Sources */,
				1F2A1ED6260400F400933CDB /* Frameworks */,
				1F2A1ED7260400F400933CDB /* Resources */,
			);
			buildRules = (
			);
			dependencies = (
			);
			name = PracticaIOS_Books;
			productName = PracticaIOS_Books;
			productReference = 1F2A1ED9260400F400933CDB /* PracticaIOS_Books.app */;
			productType = "com.apple.product-type.application";
		};
		1F2A1EEE260400F500933CDB /* PracticaIOS_BooksTests */ = {
			isa = PBXNativeTarget;
			buildConfigurationList = 1F2A1F06260400F500933CDB /* Build configuration list for PBXNativeTarget "PracticaIOS_BooksTests" */;
			buildPhases = (
				1F2A1EEB260400F500933CDB /* Sources */,
				1F2A1EEC260400F500933CDB /* Frameworks */,
				1F2A1EED260400F500933CDB /* Resources */,
			);
			buildRules = (
			);
			dependencies = (
				1F2A1EF1260400F500933CDB /* PBXTargetDependency */,
			);
			name = PracticaIOS_BooksTests;
			productName = PracticaIOS_BooksTests;
			productReference = 1F2A1EEF260400F500933CDB /* PracticaIOS_BooksTests.xctest */;
			productType = "com.apple.product-type.bundle.unit-test";
		};
		1F2A1EF9260400F500933CDB /* PracticaIOS_BooksUITests */ = {
			isa = PBXNativeTarget;
			buildConfigurationList = 1F2A1F09260400F500933CDB /* Build configuration list for PBXNativeTarget "PracticaIOS_BooksUITests" */;
			buildPhases = (
				1F2A1EF6260400F500933CDB /* Sources */,
				1F2A1EF7260400F500933CDB /* Frameworks */,
				1F2A1EF8260400F500933CDB /* Resources */,
			);
			buildRules = (
			);
			dependencies = (
				1F2A1EFC260400F500933CDB /* PBXTargetDependency */,
			);
			name = PracticaIOS_BooksUITests;
			productName = PracticaIOS_BooksUITests;
			productReference = 1F2A1EFA260400F500933CDB /* PracticaIOS_BooksUITests.xctest */;
			productType = "com.apple.product-type.bundle.ui-testing";
		};
/* End PBXNativeTarget section */

/* Begin PBXProject section */
		1F2A1ED1260400F400933CDB /* Project object */ = {
			isa = PBXProject;
			attributes = {
				LastSwiftUpdateCheck = 1210;
				LastUpgradeCheck = 1210;
				TargetAttributes = {
					1F2A1ED8260400F400933CDB = {
						CreatedOnToolsVersion = 12.1;
					};
					1F2A1EEE260400F500933CDB = {
						CreatedOnToolsVersion = 12.1;
						TestTargetID = 1F2A1ED8260400F400933CDB;
					};
					1F2A1EF9260400F500933CDB = {
						CreatedOnToolsVersion = 12.1;
						TestTargetID = 1F2A1ED8260400F400933CDB;
					};
				};
			};
			buildConfigurationList = 1F2A1ED4260400F400933CDB /* Build configuration list for PBXProject "PracticaIOS_Books" */;
			compatibilityVersion = "Xcode 9.3";
			developmentRegion = en;
			hasScannedForEncodings = 0;
			knownRegions = (
				en,
				Base,
			);
			mainGroup = 1F2A1ED0260400F400933CDB;
			productRefGroup = 1F2A1EDA260400F400933CDB /* Products */;
			projectDirPath = "";
			projectRoot = "";
			targets = (
				1F2A1ED8260400F400933CDB /* PracticaIOS_Books */,
				1F2A1EEE260400F500933CDB /* PracticaIOS_BooksTests */,
				1F2A1EF9260400F500933CDB /* PracticaIOS_BooksUITests */,
			);
		};
/* End PBXProject section */

/* Begin PBXResourcesBuildPhase section */
		1F2A1ED7260400F400933CDB /* Resources */ = {
			isa = PBXResourcesBuildPhase;
			buildActionMask = 2147483647;
			files = (
				1FB879702628C8D900BD1B8D /* CommentsViewController.xib in Resources */,
				1FB66746262766A90005F4B9 /* HomeCell.xib in Resources */,
				1FB667532627A7C90005F4B9 /* HomeCollectionCell.xib in Resources */,
				1FB879862628F48A00BD1B8D /* CommentsCell.xib in Resources */,
				1FB66737262764790005F4B9 /* LoginViewController.xib in Resources */,
				1FB6673C262764DC0005F4B9 /* RegisterViewController.xib in Resources */,
				1FB879772628CB9900BD1B8D /* AddCommentViewController.xib in Resources */,
				1FB6674B262768890005F4B9 /* DetailViewController.xib in Resources */,
				1F2A1EE6260400F500933CDB /* Assets.xcassets in Resources */,
				1FB8795526286EA200BD1B8D /* Main.storyboard in Resources */,
				1FB66732262763B80005F4B9 /* WelcomeViewController.xib in Resources */,
				1FB66741262765A90005F4B9 /* HomeViewController.xib in Resources */,
				1F98FF1F262B3729007D637C /* SearchViewController.xib in Resources */,
			);
			runOnlyForDeploymentPostprocessing = 0;
		};
		1F2A1EED260400F500933CDB /* Resources */ = {
			isa = PBXResourcesBuildPhase;
			buildActionMask = 2147483647;
			files = (
			);
			runOnlyForDeploymentPostprocessing = 0;
		};
		1F2A1EF8260400F500933CDB /* Resources */ = {
			isa = PBXResourcesBuildPhase;
			buildActionMask = 2147483647;
			files = (
			);
			runOnlyForDeploymentPostprocessing = 0;
		};
/* End PBXResourcesBuildPhase section */

/* Begin PBXSourcesBuildPhase section */
		1F2A1ED5260400F400933CDB /* Sources */ = {
			isa = PBXSourcesBuildPhase;
			buildActionMask = 2147483647;
			files = (
				1F9F36122621A8AA00A6AB54 /* HomeCollectionCell.swift in Sources */,
				1F30B26026333C5900CF0223 /* User+CoreDataClass.swift in Sources */,
				1FB733B3262E04D000CF70E4 /* MainRouteCoordinator.swift in Sources */,
				1FB879852628F48A00BD1B8D /* CommentsCell.swift in Sources */,
				1F6B44F12618BE19004D1446 /* StringUtils.swift in Sources */,
				1F9F361A262253A300A6AB54 /* DetailViewController.swift in Sources */,
				1FC540062630AC93003DC820 /* MyLibrary.xcdatamodeld in Sources */,
				1F9F8ADF26080C67007ACEDB /* UserManager.swift in Sources */,
				1FA207AC2624FBFF001D7349 /* DetailViewModel.swift in Sources */,
				1FB879762628CB9900BD1B8D /* AddCommentViewController.swift in Sources */,
				1F30B26126333C5900CF0223 /* User+CoreDataProperties.swift in Sources */,
				1F98FF1E262B3729007D637C /* SearchViewController.swift in Sources */,
				1FB733A9262E00B100CF70E4 /* ListsRouteCoordinator.swift in Sources */,
				1F9BE76C2606AFE600C822AC /* LoginViewController.swift in Sources */,
				1F13D59626192B3B00A7AD97 /* HomeViewModel.swift in Sources */,
				1F9A9A71260F64A50002CD72 /* LoginViewModel.swift in Sources */,
				1F6B44E72618B5A9004D1446 /* BookGoogle.swift in Sources */,
				1FB733A4262E009700CF70E4 /* SearchRouteCoordinator.swift in Sources */,
				1F57D3662618752C00FC26D0 /* BookManager.swift in Sources */,
				1F9A9A6C260F556D0002CD72 /* UserViewModel.swift in Sources */,
				1FB8796B2628C81B00BD1B8D /* CommentsViewModel.swift in Sources */,
				1F6B44E22618B58B004D1446 /* BookNYT.swift in Sources */,
				1FA207A22624CA86001D7349 /* StartRouteCoordinator.swift in Sources */,
				1F98FF27262B3E57007D637C /* SearchViewModel.swift in Sources */,
				1F10AC38261E1BBF00889887 /* WelcomeViewModel.swift in Sources */,
				1FA2079A2624C543001D7349 /* HomeRouteCoordinator.swift in Sources */,
				1F9BE7712606B00D00C822AC /* RegisterViewController.swift in Sources */,
				1FB879662628C71F00BD1B8D /* CommentsViewController.swift in Sources */,
				1F9A9A76260F65C20002CD72 /* RegisterViewModel.swift in Sources */,
				1F6B44DD2618B468004D1446 /* HomeCell.swift in Sources */,
				1FB733AE262E012300CF70E4 /* LikeRouteCoordinator.swift in Sources */,
				1F2A1EE1260400F400933CDB /* WelcomeViewController.swift in Sources */,
				1F6B44EC2618B6D7004D1446 /* APIManager.swift in Sources */,
				1F6B44FC2619257C004D1446 /* BookViewModel.swift in Sources */,
				1FB091A12610845B002E9221 /* ModalViewController.swift in Sources */,
				1F2A1EDD260400F400933CDB /* AppDelegate.swift in Sources */,
				1F6B44D426188BB3004D1446 /* HomeViewController.swift in Sources */,
				1F2A1EDF260400F400933CDB /* SceneDelegate.swift in Sources */,
			);
			runOnlyForDeploymentPostprocessing = 0;
		};
		1F2A1EEB260400F500933CDB /* Sources */ = {
			isa = PBXSourcesBuildPhase;
			buildActionMask = 2147483647;
			files = (
				1F2A1EF4260400F500933CDB /* PracticaIOS_BooksTests.swift in Sources */,
			);
			runOnlyForDeploymentPostprocessing = 0;
		};
		1F2A1EF6260400F500933CDB /* Sources */ = {
			isa = PBXSourcesBuildPhase;
			buildActionMask = 2147483647;
			files = (
				1F2A1EFF260400F500933CDB /* PracticaIOS_BooksUITests.swift in Sources */,
			);
			runOnlyForDeploymentPostprocessing = 0;
		};
/* End PBXSourcesBuildPhase section */

/* Begin PBXTargetDependency section */
		1F2A1EF1260400F500933CDB /* PBXTargetDependency */ = {
			isa = PBXTargetDependency;
			target = 1F2A1ED8260400F400933CDB /* PracticaIOS_Books */;
			targetProxy = 1F2A1EF0260400F500933CDB /* PBXContainerItemProxy */;
		};
		1F2A1EFC260400F500933CDB /* PBXTargetDependency */ = {
			isa = PBXTargetDependency;
			target = 1F2A1ED8260400F400933CDB /* PracticaIOS_Books */;
			targetProxy = 1F2A1EFB260400F500933CDB /* PBXContainerItemProxy */;
		};
/* End PBXTargetDependency section */

/* Begin PBXVariantGroup section */
		1FB8795326286EA200BD1B8D /* Main.storyboard */ = {
			isa = PBXVariantGroup;
			children = (
				1FB8795426286EA200BD1B8D /* Base */,
			);
			name = Main.storyboard;
			sourceTree = "<group>";
		};
/* End PBXVariantGroup section */

/* Begin XCBuildConfiguration section */
		1F2A1F01260400F500933CDB /* Debug */ = {
			isa = XCBuildConfiguration;
			buildSettings = {
				ALWAYS_SEARCH_USER_PATHS = NO;
				CLANG_ANALYZER_NONNULL = YES;
				CLANG_ANALYZER_NUMBER_OBJECT_CONVERSION = YES_AGGRESSIVE;
				CLANG_CXX_LANGUAGE_STANDARD = "gnu++14";
				CLANG_CXX_LIBRARY = "libc++";
				CLANG_ENABLE_MODULES = YES;
				CLANG_ENABLE_OBJC_ARC = YES;
				CLANG_ENABLE_OBJC_WEAK = YES;
				CLANG_WARN_BLOCK_CAPTURE_AUTORELEASING = YES;
				CLANG_WARN_BOOL_CONVERSION = YES;
				CLANG_WARN_COMMA = YES;
				CLANG_WARN_CONSTANT_CONVERSION = YES;
				CLANG_WARN_DEPRECATED_OBJC_IMPLEMENTATIONS = YES;
				CLANG_WARN_DIRECT_OBJC_ISA_USAGE = YES_ERROR;
				CLANG_WARN_DOCUMENTATION_COMMENTS = YES;
				CLANG_WARN_EMPTY_BODY = YES;
				CLANG_WARN_ENUM_CONVERSION = YES;
				CLANG_WARN_INFINITE_RECURSION = YES;
				CLANG_WARN_INT_CONVERSION = YES;
				CLANG_WARN_NON_LITERAL_NULL_CONVERSION = YES;
				CLANG_WARN_OBJC_IMPLICIT_RETAIN_SELF = YES;
				CLANG_WARN_OBJC_LITERAL_CONVERSION = YES;
				CLANG_WARN_OBJC_ROOT_CLASS = YES_ERROR;
				CLANG_WARN_QUOTED_INCLUDE_IN_FRAMEWORK_HEADER = YES;
				CLANG_WARN_RANGE_LOOP_ANALYSIS = YES;
				CLANG_WARN_STRICT_PROTOTYPES = YES;
				CLANG_WARN_SUSPICIOUS_MOVE = YES;
				CLANG_WARN_UNGUARDED_AVAILABILITY = YES_AGGRESSIVE;
				CLANG_WARN_UNREACHABLE_CODE = YES;
				CLANG_WARN__DUPLICATE_METHOD_MATCH = YES;
				COPY_PHASE_STRIP = NO;
				DEBUG_INFORMATION_FORMAT = dwarf;
				ENABLE_STRICT_OBJC_MSGSEND = YES;
				ENABLE_TESTABILITY = YES;
				GCC_C_LANGUAGE_STANDARD = gnu11;
				GCC_DYNAMIC_NO_PIC = NO;
				GCC_NO_COMMON_BLOCKS = YES;
				GCC_OPTIMIZATION_LEVEL = 0;
				GCC_PREPROCESSOR_DEFINITIONS = (
					"DEBUG=1",
					"$(inherited)",
				);
				GCC_WARN_64_TO_32_BIT_CONVERSION = YES;
				GCC_WARN_ABOUT_RETURN_TYPE = YES_ERROR;
				GCC_WARN_UNDECLARED_SELECTOR = YES;
				GCC_WARN_UNINITIALIZED_AUTOS = YES_AGGRESSIVE;
				GCC_WARN_UNUSED_FUNCTION = YES;
				GCC_WARN_UNUSED_VARIABLE = YES;
				IPHONEOS_DEPLOYMENT_TARGET = 14.1;
				MTL_ENABLE_DEBUG_INFO = INCLUDE_SOURCE;
				MTL_FAST_MATH = YES;
				ONLY_ACTIVE_ARCH = YES;
				SDKROOT = iphoneos;
				SWIFT_ACTIVE_COMPILATION_CONDITIONS = DEBUG;
				SWIFT_OPTIMIZATION_LEVEL = "-Onone";
			};
			name = Debug;
		};
		1F2A1F02260400F500933CDB /* Release */ = {
			isa = XCBuildConfiguration;
			buildSettings = {
				ALWAYS_SEARCH_USER_PATHS = NO;
				CLANG_ANALYZER_NONNULL = YES;
				CLANG_ANALYZER_NUMBER_OBJECT_CONVERSION = YES_AGGRESSIVE;
				CLANG_CXX_LANGUAGE_STANDARD = "gnu++14";
				CLANG_CXX_LIBRARY = "libc++";
				CLANG_ENABLE_MODULES = YES;
				CLANG_ENABLE_OBJC_ARC = YES;
				CLANG_ENABLE_OBJC_WEAK = YES;
				CLANG_WARN_BLOCK_CAPTURE_AUTORELEASING = YES;
				CLANG_WARN_BOOL_CONVERSION = YES;
				CLANG_WARN_COMMA = YES;
				CLANG_WARN_CONSTANT_CONVERSION = YES;
				CLANG_WARN_DEPRECATED_OBJC_IMPLEMENTATIONS = YES;
				CLANG_WARN_DIRECT_OBJC_ISA_USAGE = YES_ERROR;
				CLANG_WARN_DOCUMENTATION_COMMENTS = YES;
				CLANG_WARN_EMPTY_BODY = YES;
				CLANG_WARN_ENUM_CONVERSION = YES;
				CLANG_WARN_INFINITE_RECURSION = YES;
				CLANG_WARN_INT_CONVERSION = YES;
				CLANG_WARN_NON_LITERAL_NULL_CONVERSION = YES;
				CLANG_WARN_OBJC_IMPLICIT_RETAIN_SELF = YES;
				CLANG_WARN_OBJC_LITERAL_CONVERSION = YES;
				CLANG_WARN_OBJC_ROOT_CLASS = YES_ERROR;
				CLANG_WARN_QUOTED_INCLUDE_IN_FRAMEWORK_HEADER = YES;
				CLANG_WARN_RANGE_LOOP_ANALYSIS = YES;
				CLANG_WARN_STRICT_PROTOTYPES = YES;
				CLANG_WARN_SUSPICIOUS_MOVE = YES;
				CLANG_WARN_UNGUARDED_AVAILABILITY = YES_AGGRESSIVE;
				CLANG_WARN_UNREACHABLE_CODE = YES;
				CLANG_WARN__DUPLICATE_METHOD_MATCH = YES;
				COPY_PHASE_STRIP = NO;
				DEBUG_INFORMATION_FORMAT = "dwarf-with-dsym";
				ENABLE_NS_ASSERTIONS = NO;
				ENABLE_STRICT_OBJC_MSGSEND = YES;
				GCC_C_LANGUAGE_STANDARD = gnu11;
				GCC_NO_COMMON_BLOCKS = YES;
				GCC_WARN_64_TO_32_BIT_CONVERSION = YES;
				GCC_WARN_ABOUT_RETURN_TYPE = YES_ERROR;
				GCC_WARN_UNDECLARED_SELECTOR = YES;
				GCC_WARN_UNINITIALIZED_AUTOS = YES_AGGRESSIVE;
				GCC_WARN_UNUSED_FUNCTION = YES;
				GCC_WARN_UNUSED_VARIABLE = YES;
				IPHONEOS_DEPLOYMENT_TARGET = 14.1;
				MTL_ENABLE_DEBUG_INFO = NO;
				MTL_FAST_MATH = YES;
				SDKROOT = iphoneos;
				SWIFT_COMPILATION_MODE = wholemodule;
				SWIFT_OPTIMIZATION_LEVEL = "-O";
				VALIDATE_PRODUCT = YES;
			};
			name = Release;
		};
		1F2A1F04260400F500933CDB /* Debug */ = {
			isa = XCBuildConfiguration;
			buildSettings = {
				ASSETCATALOG_COMPILER_APPICON_NAME = AppIcon;
				ASSETCATALOG_COMPILER_GLOBAL_ACCENT_COLOR_NAME = AccentColor;
				CODE_SIGN_STYLE = Automatic;
				INFOPLIST_FILE = PracticaIOS_Books/Info.plist;
				LD_RUNPATH_SEARCH_PATHS = (
					"$(inherited)",
					"@executable_path/Frameworks",
				);
				PRODUCT_BUNDLE_IDENTIFIER = "es.upsa.mimo.PracticaIOS-Books";
				PRODUCT_NAME = "$(TARGET_NAME)";
				SWIFT_VERSION = 5.0;
				TARGETED_DEVICE_FAMILY = "1,2";
			};
			name = Debug;
		};
		1F2A1F05260400F500933CDB /* Release */ = {
			isa = XCBuildConfiguration;
			buildSettings = {
				ASSETCATALOG_COMPILER_APPICON_NAME = AppIcon;
				ASSETCATALOG_COMPILER_GLOBAL_ACCENT_COLOR_NAME = AccentColor;
				CODE_SIGN_STYLE = Automatic;
				INFOPLIST_FILE = PracticaIOS_Books/Info.plist;
				LD_RUNPATH_SEARCH_PATHS = (
					"$(inherited)",
					"@executable_path/Frameworks",
				);
				PRODUCT_BUNDLE_IDENTIFIER = "es.upsa.mimo.PracticaIOS-Books";
				PRODUCT_NAME = "$(TARGET_NAME)";
				SWIFT_VERSION = 5.0;
				TARGETED_DEVICE_FAMILY = "1,2";
			};
			name = Release;
		};
		1F2A1F07260400F500933CDB /* Debug */ = {
			isa = XCBuildConfiguration;
			buildSettings = {
				ALWAYS_EMBED_SWIFT_STANDARD_LIBRARIES = YES;
				BUNDLE_LOADER = "$(TEST_HOST)";
				CODE_SIGN_STYLE = Automatic;
				INFOPLIST_FILE = PracticaIOS_BooksTests/Info.plist;
				IPHONEOS_DEPLOYMENT_TARGET = 14.1;
				LD_RUNPATH_SEARCH_PATHS = (
					"$(inherited)",
					"@executable_path/Frameworks",
					"@loader_path/Frameworks",
				);
				PRODUCT_BUNDLE_IDENTIFIER = "es.upsa.mimo.PracticaIOS-BooksTests";
				PRODUCT_NAME = "$(TARGET_NAME)";
				SWIFT_VERSION = 5.0;
				TARGETED_DEVICE_FAMILY = "1,2";
				TEST_HOST = "$(BUILT_PRODUCTS_DIR)/PracticaIOS_Books.app/PracticaIOS_Books";
			};
			name = Debug;
		};
		1F2A1F08260400F500933CDB /* Release */ = {
			isa = XCBuildConfiguration;
			buildSettings = {
				ALWAYS_EMBED_SWIFT_STANDARD_LIBRARIES = YES;
				BUNDLE_LOADER = "$(TEST_HOST)";
				CODE_SIGN_STYLE = Automatic;
				INFOPLIST_FILE = PracticaIOS_BooksTests/Info.plist;
				IPHONEOS_DEPLOYMENT_TARGET = 14.1;
				LD_RUNPATH_SEARCH_PATHS = (
					"$(inherited)",
					"@executable_path/Frameworks",
					"@loader_path/Frameworks",
				);
				PRODUCT_BUNDLE_IDENTIFIER = "es.upsa.mimo.PracticaIOS-BooksTests";
				PRODUCT_NAME = "$(TARGET_NAME)";
				SWIFT_VERSION = 5.0;
				TARGETED_DEVICE_FAMILY = "1,2";
				TEST_HOST = "$(BUILT_PRODUCTS_DIR)/PracticaIOS_Books.app/PracticaIOS_Books";
			};
			name = Release;
		};
		1F2A1F0A260400F500933CDB /* Debug */ = {
			isa = XCBuildConfiguration;
			buildSettings = {
				ALWAYS_EMBED_SWIFT_STANDARD_LIBRARIES = YES;
				CODE_SIGN_STYLE = Automatic;
				INFOPLIST_FILE = PracticaIOS_BooksUITests/Info.plist;
				LD_RUNPATH_SEARCH_PATHS = (
					"$(inherited)",
					"@executable_path/Frameworks",
					"@loader_path/Frameworks",
				);
				PRODUCT_BUNDLE_IDENTIFIER = "es.upsa.mimo.PracticaIOS-BooksUITests";
				PRODUCT_NAME = "$(TARGET_NAME)";
				SWIFT_VERSION = 5.0;
				TARGETED_DEVICE_FAMILY = "1,2";
				TEST_TARGET_NAME = PracticaIOS_Books;
			};
			name = Debug;
		};
		1F2A1F0B260400F500933CDB /* Release */ = {
			isa = XCBuildConfiguration;
			buildSettings = {
				ALWAYS_EMBED_SWIFT_STANDARD_LIBRARIES = YES;
				CODE_SIGN_STYLE = Automatic;
				INFOPLIST_FILE = PracticaIOS_BooksUITests/Info.plist;
				LD_RUNPATH_SEARCH_PATHS = (
					"$(inherited)",
					"@executable_path/Frameworks",
					"@loader_path/Frameworks",
				);
				PRODUCT_BUNDLE_IDENTIFIER = "es.upsa.mimo.PracticaIOS-BooksUITests";
				PRODUCT_NAME = "$(TARGET_NAME)";
				SWIFT_VERSION = 5.0;
				TARGETED_DEVICE_FAMILY = "1,2";
				TEST_TARGET_NAME = PracticaIOS_Books;
			};
			name = Release;
		};
/* End XCBuildConfiguration section */

/* Begin XCConfigurationList section */
		1F2A1ED4260400F400933CDB /* Build configuration list for PBXProject "PracticaIOS_Books" */ = {
			isa = XCConfigurationList;
			buildConfigurations = (
				1F2A1F01260400F500933CDB /* Debug */,
				1F2A1F02260400F500933CDB /* Release */,
			);
			defaultConfigurationIsVisible = 0;
			defaultConfigurationName = Release;
		};
		1F2A1F03260400F500933CDB /* Build configuration list for PBXNativeTarget "PracticaIOS_Books" */ = {
			isa = XCConfigurationList;
			buildConfigurations = (
				1F2A1F04260400F500933CDB /* Debug */,
				1F2A1F05260400F500933CDB /* Release */,
			);
			defaultConfigurationIsVisible = 0;
			defaultConfigurationName = Release;
		};
		1F2A1F06260400F500933CDB /* Build configuration list for PBXNativeTarget "PracticaIOS_BooksTests" */ = {
			isa = XCConfigurationList;
			buildConfigurations = (
				1F2A1F07260400F500933CDB /* Debug */,
				1F2A1F08260400F500933CDB /* Release */,
			);
			defaultConfigurationIsVisible = 0;
			defaultConfigurationName = Release;
		};
		1F2A1F09260400F500933CDB /* Build configuration list for PBXNativeTarget "PracticaIOS_BooksUITests" */ = {
			isa = XCConfigurationList;
			buildConfigurations = (
				1F2A1F0A260400F500933CDB /* Debug */,
				1F2A1F0B260400F500933CDB /* Release */,
			);
			defaultConfigurationIsVisible = 0;
			defaultConfigurationName = Release;
		};
/* End XCConfigurationList section */

/* Begin XCVersionGroup section */
		1FC540042630AC93003DC820 /* MyLibrary.xcdatamodeld */ = {
			isa = XCVersionGroup;
			children = (
				1FC540052630AC93003DC820 /* MyLibrary.xcdatamodel */,
			);
			currentVersion = 1FC540052630AC93003DC820 /* MyLibrary.xcdatamodel */;
			path = MyLibrary.xcdatamodeld;
			sourceTree = "<group>";
			versionGroupType = wrapper.xcdatamodel;
		};
/* End XCVersionGroup section */
	};
	rootObject = 1F2A1ED1260400F400933CDB /* Project object */;
}
